// !$*UTF8*$!
{
	archiveVersion = 1;
	classes = {
	};
	objectVersion = 54;
	objects = {

/* Begin PBXBuildFile section */
		00E356F31AD99517003FC87E /* SocialMediaTests.m in Sources */ = {isa = PBXBuildFile; fileRef = 00E356F21AD99517003FC87E /* SocialMediaTests.m */; };
		0C80B921A6F3F58F76C31292 /* libPods-SocialMedia.a in Frameworks */ = {isa = PBXBuildFile; fileRef = 5DCACB8F33CDC322A6C60F78 /* libPods-SocialMedia.a */; };
		13B07FBC1A68108700A75B9A /* AppDelegate.mm in Sources */ = {isa = PBXBuildFile; fileRef = 13B07FB01A68108700A75B9A /* AppDelegate.mm */; };
		13B07FBF1A68108700A75B9A /* Images.xcassets in Resources */ = {isa = PBXBuildFile; fileRef = 13B07FB51A68108700A75B9A /* Images.xcassets */; };
		13B07FC11A68108700A75B9A /* main.m in Sources */ = {isa = PBXBuildFile; fileRef = 13B07FB71A68108700A75B9A /* main.m */; };
		7699B88040F8A987B510C191 /* libPods-SocialMedia-SocialMediaTests.a in Frameworks */ = {isa = PBXBuildFile; fileRef = 19F6CBCC0A4E27FBF8BF4A61 /* libPods-SocialMedia-SocialMediaTests.a */; };
		81AB9BB82411601600AC10FF /* LaunchScreen.storyboard in Resources */ = {isa = PBXBuildFile; fileRef = 81AB9BB72411601600AC10FF /* LaunchScreen.storyboard */; };
		C0EC18E36C854DDDBD138B06 /* Inter_28pt-LightItalic.ttf in Resources */ = {isa = PBXBuildFile; fileRef = 126B929A0E8843268079CA6C /* Inter_28pt-LightItalic.ttf */; };
		B8A102A4453241738B21822C /* Inter_28pt-LightItalic.ttf in Resources */ = {isa = PBXBuildFile; fileRef = 126B929A0E8843268079CA6C /* Inter_28pt-LightItalic.ttf */; };
		DE8E0ED4554C4C45AF55D56B /* Inter_18pt-ExtraBoldItalic.ttf in Resources */ = {isa = PBXBuildFile; fileRef = 7B93C5C0718E4D388BB323B7 /* Inter_18pt-ExtraBoldItalic.ttf */; };
		D4BDD27BA798402A8DA2207A /* Inter_18pt-ExtraBoldItalic.ttf in Resources */ = {isa = PBXBuildFile; fileRef = 7B93C5C0718E4D388BB323B7 /* Inter_18pt-ExtraBoldItalic.ttf */; };
		14EA179947994BA2B3FD5E95 /* Inter_24pt-Medium.ttf in Resources */ = {isa = PBXBuildFile; fileRef = 955F4EEC5AA54CE590915009 /* Inter_24pt-Medium.ttf */; };
		19C165A2DAD049DD9E7494F1 /* Inter_24pt-Medium.ttf in Resources */ = {isa = PBXBuildFile; fileRef = 955F4EEC5AA54CE590915009 /* Inter_24pt-Medium.ttf */; };
		FED14F5F488A4737ABB84C0B /* Inter_28pt-ExtraLightItalic.ttf in Resources */ = {isa = PBXBuildFile; fileRef = E4791135928445DB85B5EBB7 /* Inter_28pt-ExtraLightItalic.ttf */; };
		8C66E0FAD4294BFEACC8CAAD /* Inter_28pt-ExtraLightItalic.ttf in Resources */ = {isa = PBXBuildFile; fileRef = E4791135928445DB85B5EBB7 /* Inter_28pt-ExtraLightItalic.ttf */; };
		CB696051AE54454B8399B988 /* Inter_28pt-Bold.ttf in Resources */ = {isa = PBXBuildFile; fileRef = A758311659B14925BE6A9D91 /* Inter_28pt-Bold.ttf */; };
		C94F047F97394CC49875BC5A /* Inter_28pt-Bold.ttf in Resources */ = {isa = PBXBuildFile; fileRef = A758311659B14925BE6A9D91 /* Inter_28pt-Bold.ttf */; };
		DCD65DA857264CE695848AB7 /* Inter_28pt-ExtraLight.ttf in Resources */ = {isa = PBXBuildFile; fileRef = 0A9F39FA545141BFAE66A111 /* Inter_28pt-ExtraLight.ttf */; };
		B12926DB91244B8993DE26CA /* Inter_28pt-ExtraLight.ttf in Resources */ = {isa = PBXBuildFile; fileRef = 0A9F39FA545141BFAE66A111 /* Inter_28pt-ExtraLight.ttf */; };
		49C2252FEB67468296A5C891 /* Inter_28pt-Thin.ttf in Resources */ = {isa = PBXBuildFile; fileRef = 56A5962EFEC74F588F3C97F6 /* Inter_28pt-Thin.ttf */; };
		FC7BF50679D4403FA079223A /* Inter_28pt-Thin.ttf in Resources */ = {isa = PBXBuildFile; fileRef = 56A5962EFEC74F588F3C97F6 /* Inter_28pt-Thin.ttf */; };
		EA9138226F094E3D818219C9 /* Inter_28pt-ThinItalic.ttf in Resources */ = {isa = PBXBuildFile; fileRef = 14789559B2DB4698990F20BE /* Inter_28pt-ThinItalic.ttf */; };
		C750C4ED94CC447C8C612E7B /* Inter_28pt-ThinItalic.ttf in Resources */ = {isa = PBXBuildFile; fileRef = 14789559B2DB4698990F20BE /* Inter_28pt-ThinItalic.ttf */; };
		54B1DE68863E4B1082A2A428 /* Inter_24pt-ExtraBold.ttf in Resources */ = {isa = PBXBuildFile; fileRef = BA708621D34B42E3AF1221EF /* Inter_24pt-ExtraBold.ttf */; };
		E2D0A2E6077A4E38A467CB36 /* Inter_24pt-ExtraBold.ttf in Resources */ = {isa = PBXBuildFile; fileRef = BA708621D34B42E3AF1221EF /* Inter_24pt-ExtraBold.ttf */; };
		63C1D12E46D94D1A98DD29D2 /* Inter_24pt-SemiBold.ttf in Resources */ = {isa = PBXBuildFile; fileRef = DD99CB56EA724E03B9B9D0AF /* Inter_24pt-SemiBold.ttf */; };
		DD80D81E7F654895A0ACCD51 /* Inter_24pt-SemiBold.ttf in Resources */ = {isa = PBXBuildFile; fileRef = DD99CB56EA724E03B9B9D0AF /* Inter_24pt-SemiBold.ttf */; };
		3D4A8D19C122497D88401CDD /* Inter_28pt-BoldItalic.ttf in Resources */ = {isa = PBXBuildFile; fileRef = 53D6CE5899AA4788849ACB24 /* Inter_28pt-BoldItalic.ttf */; };
		CD141D2534A64B4AAC107F06 /* Inter_28pt-BoldItalic.ttf in Resources */ = {isa = PBXBuildFile; fileRef = 53D6CE5899AA4788849ACB24 /* Inter_28pt-BoldItalic.ttf */; };
		900C9D231E604373BD285CA0 /* Inter_24pt-Regular.ttf in Resources */ = {isa = PBXBuildFile; fileRef = 147F50C5318648F0856D4B8C /* Inter_24pt-Regular.ttf */; };
		E2907A39DDA54D75A2299817 /* Inter_24pt-Regular.ttf in Resources */ = {isa = PBXBuildFile; fileRef = 147F50C5318648F0856D4B8C /* Inter_24pt-Regular.ttf */; };
		F6FC6ACA801743F6AC1CF5B0 /* Inter_28pt-ExtraBoldItalic.ttf in Resources */ = {isa = PBXBuildFile; fileRef = ACFC3E4BD0534984BD709BE7 /* Inter_28pt-ExtraBoldItalic.ttf */; };
		81208D0E3E6741F190169049 /* Inter_28pt-ExtraBoldItalic.ttf in Resources */ = {isa = PBXBuildFile; fileRef = ACFC3E4BD0534984BD709BE7 /* Inter_28pt-ExtraBoldItalic.ttf */; };
		B3488996CABD4F84BDA8819F /* Inter_18pt-LightItalic.ttf in Resources */ = {isa = PBXBuildFile; fileRef = 59E0632359AD47F18651BA06 /* Inter_18pt-LightItalic.ttf */; };
		D01968EDFA21452194C2BDC4 /* Inter_18pt-LightItalic.ttf in Resources */ = {isa = PBXBuildFile; fileRef = 59E0632359AD47F18651BA06 /* Inter_18pt-LightItalic.ttf */; };
		059460CEDF064CC59E197A93 /* Inter_18pt-ExtraLight.ttf in Resources */ = {isa = PBXBuildFile; fileRef = A70EBAE43266498C9567A668 /* Inter_18pt-ExtraLight.ttf */; };
		0DB4F1FB547E4AC29ACE3032 /* Inter_18pt-ExtraLight.ttf in Resources */ = {isa = PBXBuildFile; fileRef = A70EBAE43266498C9567A668 /* Inter_18pt-ExtraLight.ttf */; };
		3808B104F72F40DEBF96C1C7 /* Inter_18pt-ThinItalic.ttf in Resources */ = {isa = PBXBuildFile; fileRef = 17CC0A5253CD42669B408BDC /* Inter_18pt-ThinItalic.ttf */; };
		ABF89D3D107B43B2B60D0A24 /* Inter_18pt-ThinItalic.ttf in Resources */ = {isa = PBXBuildFile; fileRef = 17CC0A5253CD42669B408BDC /* Inter_18pt-ThinItalic.ttf */; };
		14309FC67CB94D57926D9196 /* Inter_18pt-ExtraBold.ttf in Resources */ = {isa = PBXBuildFile; fileRef = AE6375B616774F66B4DDBE85 /* Inter_18pt-ExtraBold.ttf */; };
		1FFD155EF1AF4BB5AD7EEB7A /* Inter_18pt-ExtraBold.ttf in Resources */ = {isa = PBXBuildFile; fileRef = AE6375B616774F66B4DDBE85 /* Inter_18pt-ExtraBold.ttf */; };
		F11B6EB7407A4EE0938BF52F /* Inter_18pt-BoldItalic.ttf in Resources */ = {isa = PBXBuildFile; fileRef = E304DF5144A8421BBDDB0354 /* Inter_18pt-BoldItalic.ttf */; };
		C7A9E60BD0C24D888A6B5F23 /* Inter_18pt-BoldItalic.ttf in Resources */ = {isa = PBXBuildFile; fileRef = E304DF5144A8421BBDDB0354 /* Inter_18pt-BoldItalic.ttf */; };
		751CF4ABA8C6456D962A5B3A /* Inter_28pt-Light.ttf in Resources */ = {isa = PBXBuildFile; fileRef = E2415F50D61F4D248CED066B /* Inter_28pt-Light.ttf */; };
		4E4B1DFEE25C4220B96A02D9 /* Inter_28pt-Light.ttf in Resources */ = {isa = PBXBuildFile; fileRef = E2415F50D61F4D248CED066B /* Inter_28pt-Light.ttf */; };
		EB453819B39A404A95F56FCF /* Inter_18pt-Thin.ttf in Resources */ = {isa = PBXBuildFile; fileRef = 8C1C3C6321984FC4888E91B7 /* Inter_18pt-Thin.ttf */; };
		6842859FAE464C6FB18E159E /* Inter_18pt-Thin.ttf in Resources */ = {isa = PBXBuildFile; fileRef = 8C1C3C6321984FC4888E91B7 /* Inter_18pt-Thin.ttf */; };
		6516695358084DFB89E0C410 /* Inter_28pt-Medium.ttf in Resources */ = {isa = PBXBuildFile; fileRef = 912BB009EF124B12AAB3DBA1 /* Inter_28pt-Medium.ttf */; };
		1E3B36D709AE4CB0BBB88797 /* Inter_28pt-Medium.ttf in Resources */ = {isa = PBXBuildFile; fileRef = 912BB009EF124B12AAB3DBA1 /* Inter_28pt-Medium.ttf */; };
		AFFCF8DD56A64AC896F1B9B8 /* Inter_18pt-BlackItalic.ttf in Resources */ = {isa = PBXBuildFile; fileRef = D3C41025B7F544BEA36E395E /* Inter_18pt-BlackItalic.ttf */; };
		4FD5FA9767BA43CBACA0FAB3 /* Inter_18pt-BlackItalic.ttf in Resources */ = {isa = PBXBuildFile; fileRef = D3C41025B7F544BEA36E395E /* Inter_18pt-BlackItalic.ttf */; };
		2397D188EF824444B8DA3228 /* Inter_28pt-BlackItalic.ttf in Resources */ = {isa = PBXBuildFile; fileRef = DF27954F261943919023B3C0 /* Inter_28pt-BlackItalic.ttf */; };
		1DB621B7AC374B91B15B5535 /* Inter_28pt-BlackItalic.ttf in Resources */ = {isa = PBXBuildFile; fileRef = DF27954F261943919023B3C0 /* Inter_28pt-BlackItalic.ttf */; };
		9896319F4AB9409A8F41E423 /* Inter_18pt-Bold.ttf in Resources */ = {isa = PBXBuildFile; fileRef = 7F85F231A6984BD08524650E /* Inter_18pt-Bold.ttf */; };
		F0EDD3B174184527BDFB1F27 /* Inter_18pt-Bold.ttf in Resources */ = {isa = PBXBuildFile; fileRef = 7F85F231A6984BD08524650E /* Inter_18pt-Bold.ttf */; };
		041B8C12A7784856AAF8AD2A /* Inter_18pt-ExtraLightItalic.ttf in Resources */ = {isa = PBXBuildFile; fileRef = C74445AB550E428FA7347BE3 /* Inter_18pt-ExtraLightItalic.ttf */; };
		C28E61FFAC8840B5A433DAF1 /* Inter_18pt-ExtraLightItalic.ttf in Resources */ = {isa = PBXBuildFile; fileRef = C74445AB550E428FA7347BE3 /* Inter_18pt-ExtraLightItalic.ttf */; };
		B012C6AB2B204885B4FDD6C0 /* Inter_18pt-Medium.ttf in Resources */ = {isa = PBXBuildFile; fileRef = 23FCA60E1AF642EDAFB6DA6A /* Inter_18pt-Medium.ttf */; };
		6B1E5EC6AF7348CFA8C764DC /* Inter_18pt-Medium.ttf in Resources */ = {isa = PBXBuildFile; fileRef = 23FCA60E1AF642EDAFB6DA6A /* Inter_18pt-Medium.ttf */; };
		12C2F0B91D3B4726A8C055B5 /* Inter_24pt-ExtraLightItalic.ttf in Resources */ = {isa = PBXBuildFile; fileRef = CB74577CAAAF458F9054A8A5 /* Inter_24pt-ExtraLightItalic.ttf */; };
		E971EA226A6244A7ADF3CEE4 /* Inter_24pt-ExtraLightItalic.ttf in Resources */ = {isa = PBXBuildFile; fileRef = CB74577CAAAF458F9054A8A5 /* Inter_24pt-ExtraLightItalic.ttf */; };
		7519345435A04FD1A5B251EF /* Inter_18pt-Black.ttf in Resources */ = {isa = PBXBuildFile; fileRef = 3A284F421510442E9EB2E681 /* Inter_18pt-Black.ttf */; };
		F565A3F55D2E40A6AB0D4096 /* Inter_18pt-Black.ttf in Resources */ = {isa = PBXBuildFile; fileRef = 3A284F421510442E9EB2E681 /* Inter_18pt-Black.ttf */; };
		CCA713CCB6544410A17A2571 /* Inter_24pt-Light.ttf in Resources */ = {isa = PBXBuildFile; fileRef = 2350DEC2DA934BA983E023FB /* Inter_24pt-Light.ttf */; };
		6CAB6A8DEE264339B0E8BEB4 /* Inter_24pt-Light.ttf in Resources */ = {isa = PBXBuildFile; fileRef = 2350DEC2DA934BA983E023FB /* Inter_24pt-Light.ttf */; };
		97EC7F36B5654EC1B28D41B5 /* Inter_28pt-SemiBoldItalic.ttf in Resources */ = {isa = PBXBuildFile; fileRef = EE3F1E81484440F78B2EDA91 /* Inter_28pt-SemiBoldItalic.ttf */; };
		6A8AF22B0B6C4F0CBC602F93 /* Inter_28pt-SemiBoldItalic.ttf in Resources */ = {isa = PBXBuildFile; fileRef = EE3F1E81484440F78B2EDA91 /* Inter_28pt-SemiBoldItalic.ttf */; };
		FB21F52C5A084FA5B091194D /* Inter_24pt-ExtraBoldItalic.ttf in Resources */ = {isa = PBXBuildFile; fileRef = 970D5CD874DD463EAE341104 /* Inter_24pt-ExtraBoldItalic.ttf */; };
		CEDC51CE19384FC887D49BB0 /* Inter_24pt-ExtraBoldItalic.ttf in Resources */ = {isa = PBXBuildFile; fileRef = 970D5CD874DD463EAE341104 /* Inter_24pt-ExtraBoldItalic.ttf */; };
		84D37AAF7F1C4DF2A11A7400 /* Inter_24pt-MediumItalic.ttf in Resources */ = {isa = PBXBuildFile; fileRef = 2FE830EEFB734681A8BE365D /* Inter_24pt-MediumItalic.ttf */; };
		F3071DB35F9E4915BE08A228 /* Inter_24pt-MediumItalic.ttf in Resources */ = {isa = PBXBuildFile; fileRef = 2FE830EEFB734681A8BE365D /* Inter_24pt-MediumItalic.ttf */; };
		AEDDDEAAE78942BDAC5894E8 /* Inter_28pt-SemiBold.ttf in Resources */ = {isa = PBXBuildFile; fileRef = 10CD2B947EBD4D50A6CD66A7 /* Inter_28pt-SemiBold.ttf */; };
		EFF0B56F930E428AA641A9FE /* Inter_28pt-SemiBold.ttf in Resources */ = {isa = PBXBuildFile; fileRef = 10CD2B947EBD4D50A6CD66A7 /* Inter_28pt-SemiBold.ttf */; };
		B65DB4EE9EBB4EE29048AB79 /* Inter_18pt-MediumItalic.ttf in Resources */ = {isa = PBXBuildFile; fileRef = C35F0E787BF941E7B14FBC35 /* Inter_18pt-MediumItalic.ttf */; };
		968DF81D094449C0A18B331C /* Inter_18pt-MediumItalic.ttf in Resources */ = {isa = PBXBuildFile; fileRef = C35F0E787BF941E7B14FBC35 /* Inter_18pt-MediumItalic.ttf */; };
		4381F97245A24E5CB5EE913F /* Inter_24pt-BlackItalic.ttf in Resources */ = {isa = PBXBuildFile; fileRef = B7671BBAE73D428F989BEE6D /* Inter_24pt-BlackItalic.ttf */; };
		8898DC88F3A24F3D93F732E8 /* Inter_24pt-BlackItalic.ttf in Resources */ = {isa = PBXBuildFile; fileRef = B7671BBAE73D428F989BEE6D /* Inter_24pt-BlackItalic.ttf */; };
		C2A833A9319548AE83ABCFA4 /* Inter_28pt-Italic.ttf in Resources */ = {isa = PBXBuildFile; fileRef = 62717677FF234F398661AD35 /* Inter_28pt-Italic.ttf */; };
		451372736EB844E194D6EABB /* Inter_28pt-Italic.ttf in Resources */ = {isa = PBXBuildFile; fileRef = 62717677FF234F398661AD35 /* Inter_28pt-Italic.ttf */; };
		1A7EE95F902046279A3B4B6A /* Inter_24pt-Thin.ttf in Resources */ = {isa = PBXBuildFile; fileRef = 43541B49A4A04011B456931D /* Inter_24pt-Thin.ttf */; };
		0CCB655B6BD94C479C22EFBA /* Inter_24pt-Thin.ttf in Resources */ = {isa = PBXBuildFile; fileRef = 43541B49A4A04011B456931D /* Inter_24pt-Thin.ttf */; };
		70C9CD52B02841D5A60B7B61 /* Inter_24pt-SemiBoldItalic.ttf in Resources */ = {isa = PBXBuildFile; fileRef = 58C4D581C8C14401A66267C3 /* Inter_24pt-SemiBoldItalic.ttf */; };
		93B5E3F33BB34276A227000E /* Inter_24pt-SemiBoldItalic.ttf in Resources */ = {isa = PBXBuildFile; fileRef = 58C4D581C8C14401A66267C3 /* Inter_24pt-SemiBoldItalic.ttf */; };
		367BAE66EFBB47F4B7A3667F /* Inter_24pt-Black.ttf in Resources */ = {isa = PBXBuildFile; fileRef = F28FD8F4A2124B2E8D94EC41 /* Inter_24pt-Black.ttf */; };
		0D89BB8E3D714BE1980211AA /* Inter_24pt-Black.ttf in Resources */ = {isa = PBXBuildFile; fileRef = F28FD8F4A2124B2E8D94EC41 /* Inter_24pt-Black.ttf */; };
		FA4CD411F5864A31B6118A7F /* Inter_18pt-Light.ttf in Resources */ = {isa = PBXBuildFile; fileRef = 81E4DE8076B744F88E455332 /* Inter_18pt-Light.ttf */; };
		4215075F276D4CFBBD3388C1 /* Inter_18pt-Light.ttf in Resources */ = {isa = PBXBuildFile; fileRef = 81E4DE8076B744F88E455332 /* Inter_18pt-Light.ttf */; };
		FE07859208DA48C397BADAF8 /* Inter_28pt-Regular.ttf in Resources */ = {isa = PBXBuildFile; fileRef = 30FF299969184D919FE42AC0 /* Inter_28pt-Regular.ttf */; };
		6017BC7A7038453392354613 /* Inter_28pt-Regular.ttf in Resources */ = {isa = PBXBuildFile; fileRef = 30FF299969184D919FE42AC0 /* Inter_28pt-Regular.ttf */; };
		D5519C32A1BC4411ABD2ABDA /* Inter_28pt-MediumItalic.ttf in Resources */ = {isa = PBXBuildFile; fileRef = 1C9B0C6762CE4781999BC7C8 /* Inter_28pt-MediumItalic.ttf */; };
		9B0E6B06C30548A0A7F93A14 /* Inter_28pt-MediumItalic.ttf in Resources */ = {isa = PBXBuildFile; fileRef = 1C9B0C6762CE4781999BC7C8 /* Inter_28pt-MediumItalic.ttf */; };
		74936EA6BDEF41FE8CC30528 /* Inter_28pt-ExtraBold.ttf in Resources */ = {isa = PBXBuildFile; fileRef = EAAA33A435D24299AD75DA6D /* Inter_28pt-ExtraBold.ttf */; };
		22EBD6C20B6C4C61B063B980 /* Inter_28pt-ExtraBold.ttf in Resources */ = {isa = PBXBuildFile; fileRef = EAAA33A435D24299AD75DA6D /* Inter_28pt-ExtraBold.ttf */; };
		62A89D73A2F54D92845A9C14 /* Inter_24pt-Bold.ttf in Resources */ = {isa = PBXBuildFile; fileRef = B91447D478F540CF9E1E988D /* Inter_24pt-Bold.ttf */; };
		70C3AD49CB3340A98AB98D85 /* Inter_24pt-Bold.ttf in Resources */ = {isa = PBXBuildFile; fileRef = B91447D478F540CF9E1E988D /* Inter_24pt-Bold.ttf */; };
		DEA87FD2233042DBA125DE07 /* Inter_18pt-Italic.ttf in Resources */ = {isa = PBXBuildFile; fileRef = 39F418A0AA474C58BADCF384 /* Inter_18pt-Italic.ttf */; };
		5CF2677F0B39410BB2657C51 /* Inter_18pt-Italic.ttf in Resources */ = {isa = PBXBuildFile; fileRef = 39F418A0AA474C58BADCF384 /* Inter_18pt-Italic.ttf */; };
		1B37744FE07943FFB847C220 /* Inter_28pt-Black.ttf in Resources */ = {isa = PBXBuildFile; fileRef = 8912BF93A8F5473595C7E93F /* Inter_28pt-Black.ttf */; };
		8144F3ABFFBA4C6585169FAA /* Inter_28pt-Black.ttf in Resources */ = {isa = PBXBuildFile; fileRef = 8912BF93A8F5473595C7E93F /* Inter_28pt-Black.ttf */; };
		3A6BDADE34EE4C4D90F153FF /* Inter_18pt-SemiBoldItalic.ttf in Resources */ = {isa = PBXBuildFile; fileRef = 9915B17E7B244306A7544A2C /* Inter_18pt-SemiBoldItalic.ttf */; };
		A6DDAB2EB30F40389BAE1D13 /* Inter_18pt-SemiBoldItalic.ttf in Resources */ = {isa = PBXBuildFile; fileRef = 9915B17E7B244306A7544A2C /* Inter_18pt-SemiBoldItalic.ttf */; };
		987BFD907FCB4EA3A6E51370 /* Inter_24pt-BoldItalic.ttf in Resources */ = {isa = PBXBuildFile; fileRef = 649BB6F9970B4532A9EF64F0 /* Inter_24pt-BoldItalic.ttf */; };
		ECCB7280226B44B78A447102 /* Inter_24pt-BoldItalic.ttf in Resources */ = {isa = PBXBuildFile; fileRef = 649BB6F9970B4532A9EF64F0 /* Inter_24pt-BoldItalic.ttf */; };
		5B5DC4B7297444B6A35AC1FD /* Inter_18pt-SemiBold.ttf in Resources */ = {isa = PBXBuildFile; fileRef = 1F1AAB818374466085AFDD15 /* Inter_18pt-SemiBold.ttf */; };
		34C05B22415A4A46BFAE0B98 /* Inter_18pt-SemiBold.ttf in Resources */ = {isa = PBXBuildFile; fileRef = 1F1AAB818374466085AFDD15 /* Inter_18pt-SemiBold.ttf */; };
		419F79D6B2A14301A3B4EFEB /* Inter_24pt-ThinItalic.ttf in Resources */ = {isa = PBXBuildFile; fileRef = 2FDB094EFC3940A5BC694C4D /* Inter_24pt-ThinItalic.ttf */; };
		5BCF9EB12AD64B0DB9B833C3 /* Inter_24pt-ThinItalic.ttf in Resources */ = {isa = PBXBuildFile; fileRef = 2FDB094EFC3940A5BC694C4D /* Inter_24pt-ThinItalic.ttf */; };
		7BB0F577FD0B4903844B48D3 /* Inter_18pt-Regular.ttf in Resources */ = {isa = PBXBuildFile; fileRef = D1C2BA7B8DC64F1FBF2D238B /* Inter_18pt-Regular.ttf */; };
		1DEABFD72C73419994E0CB3A /* Inter_18pt-Regular.ttf in Resources */ = {isa = PBXBuildFile; fileRef = D1C2BA7B8DC64F1FBF2D238B /* Inter_18pt-Regular.ttf */; };
		FBE11D35CB8F454E96B738FD /* Inter_24pt-ExtraLight.ttf in Resources */ = {isa = PBXBuildFile; fileRef = 4048C3F538AB4BF2B94F960C /* Inter_24pt-ExtraLight.ttf */; };
		D2197D4D41954C119806C36B /* Inter_24pt-ExtraLight.ttf in Resources */ = {isa = PBXBuildFile; fileRef = 4048C3F538AB4BF2B94F960C /* Inter_24pt-ExtraLight.ttf */; };
		FBB02BF021E34D07B8A377F0 /* Inter_24pt-Italic.ttf in Resources */ = {isa = PBXBuildFile; fileRef = 454139EA89A743FEAC01AE88 /* Inter_24pt-Italic.ttf */; };
		B7ADAF6F45684442936BEEF1 /* Inter_24pt-Italic.ttf in Resources */ = {isa = PBXBuildFile; fileRef = 454139EA89A743FEAC01AE88 /* Inter_24pt-Italic.ttf */; };
		03ECC49296E0416AB8EC71B6 /* Inter_24pt-LightItalic.ttf in Resources */ = {isa = PBXBuildFile; fileRef = 7B7EC43D21ED467B8E5C20B6 /* Inter_24pt-LightItalic.ttf */; };
		C63123F9A49E4C4D873FB581 /* Inter_24pt-LightItalic.ttf in Resources */ = {isa = PBXBuildFile; fileRef = 7B7EC43D21ED467B8E5C20B6 /* Inter_24pt-LightItalic.ttf */; };
/* End PBXBuildFile section */

/* Begin PBXContainerItemProxy section */
		00E356F41AD99517003FC87E /* PBXContainerItemProxy */ = {
			isa = PBXContainerItemProxy;
			containerPortal = 83CBB9F71A601CBA00E9B192 /* Project object */;
			proxyType = 1;
			remoteGlobalIDString = 13B07F861A680F5B00A75B9A;
			remoteInfo = SocialMedia;
		};
/* End PBXContainerItemProxy section */

/* Begin PBXFileReference section */
		00E356EE1AD99517003FC87E /* SocialMediaTests.xctest */ = {isa = PBXFileReference; explicitFileType = wrapper.cfbundle; includeInIndex = 0; path = SocialMediaTests.xctest; sourceTree = BUILT_PRODUCTS_DIR; };
		00E356F11AD99517003FC87E /* Info.plist */ = {isa = PBXFileReference; lastKnownFileType = text.plist.xml; path = Info.plist; sourceTree = "<group>"; };
		00E356F21AD99517003FC87E /* SocialMediaTests.m */ = {isa = PBXFileReference; lastKnownFileType = sourcecode.c.objc; path = SocialMediaTests.m; sourceTree = "<group>"; };
		13B07F961A680F5B00A75B9A /* SocialMedia.app */ = {isa = PBXFileReference; explicitFileType = wrapper.application; includeInIndex = 0; path = SocialMedia.app; sourceTree = BUILT_PRODUCTS_DIR; };
		13B07FAF1A68108700A75B9A /* AppDelegate.h */ = {isa = PBXFileReference; fileEncoding = 4; lastKnownFileType = sourcecode.c.h; name = AppDelegate.h; path = SocialMedia/AppDelegate.h; sourceTree = "<group>"; };
		13B07FB01A68108700A75B9A /* AppDelegate.mm */ = {isa = PBXFileReference; fileEncoding = 4; lastKnownFileType = sourcecode.cpp.objcpp; name = AppDelegate.mm; path = SocialMedia/AppDelegate.mm; sourceTree = "<group>"; };
		13B07FB51A68108700A75B9A /* Images.xcassets */ = {isa = PBXFileReference; lastKnownFileType = folder.assetcatalog; name = Images.xcassets; path = SocialMedia/Images.xcassets; sourceTree = "<group>"; };
		13B07FB61A68108700A75B9A /* Info.plist */ = {isa = PBXFileReference; fileEncoding = 4; lastKnownFileType = text.plist.xml; name = Info.plist; path = SocialMedia/Info.plist; sourceTree = "<group>"; };
		13B07FB71A68108700A75B9A /* main.m */ = {isa = PBXFileReference; fileEncoding = 4; lastKnownFileType = sourcecode.c.objc; name = main.m; path = SocialMedia/main.m; sourceTree = "<group>"; };
		19F6CBCC0A4E27FBF8BF4A61 /* libPods-SocialMedia-SocialMediaTests.a */ = {isa = PBXFileReference; explicitFileType = archive.ar; includeInIndex = 0; path = "libPods-SocialMedia-SocialMediaTests.a"; sourceTree = BUILT_PRODUCTS_DIR; };
		3B4392A12AC88292D35C810B /* Pods-SocialMedia.debug.xcconfig */ = {isa = PBXFileReference; includeInIndex = 1; lastKnownFileType = text.xcconfig; name = "Pods-SocialMedia.debug.xcconfig"; path = "Target Support Files/Pods-SocialMedia/Pods-SocialMedia.debug.xcconfig"; sourceTree = "<group>"; };
		5709B34CF0A7D63546082F79 /* Pods-SocialMedia.release.xcconfig */ = {isa = PBXFileReference; includeInIndex = 1; lastKnownFileType = text.xcconfig; name = "Pods-SocialMedia.release.xcconfig"; path = "Target Support Files/Pods-SocialMedia/Pods-SocialMedia.release.xcconfig"; sourceTree = "<group>"; };
		5B7EB9410499542E8C5724F5 /* Pods-SocialMedia-SocialMediaTests.debug.xcconfig */ = {isa = PBXFileReference; includeInIndex = 1; lastKnownFileType = text.xcconfig; name = "Pods-SocialMedia-SocialMediaTests.debug.xcconfig"; path = "Target Support Files/Pods-SocialMedia-SocialMediaTests/Pods-SocialMedia-SocialMediaTests.debug.xcconfig"; sourceTree = "<group>"; };
		5DCACB8F33CDC322A6C60F78 /* libPods-SocialMedia.a */ = {isa = PBXFileReference; explicitFileType = archive.ar; includeInIndex = 0; path = "libPods-SocialMedia.a"; sourceTree = BUILT_PRODUCTS_DIR; };
		81AB9BB72411601600AC10FF /* LaunchScreen.storyboard */ = {isa = PBXFileReference; fileEncoding = 4; lastKnownFileType = file.storyboard; name = LaunchScreen.storyboard; path = SocialMedia/LaunchScreen.storyboard; sourceTree = "<group>"; };
		89C6BE57DB24E9ADA2F236DE /* Pods-SocialMedia-SocialMediaTests.release.xcconfig */ = {isa = PBXFileReference; includeInIndex = 1; lastKnownFileType = text.xcconfig; name = "Pods-SocialMedia-SocialMediaTests.release.xcconfig"; path = "Target Support Files/Pods-SocialMedia-SocialMediaTests/Pods-SocialMedia-SocialMediaTests.release.xcconfig"; sourceTree = "<group>"; };
		ED297162215061F000B7C4FE /* JavaScriptCore.framework */ = {isa = PBXFileReference; lastKnownFileType = wrapper.framework; name = JavaScriptCore.framework; path = System/Library/Frameworks/JavaScriptCore.framework; sourceTree = SDKROOT; };
		126B929A0E8843268079CA6C /* Inter_28pt-LightItalic.ttf */ = {isa = PBXFileReference; name = "Inter_28pt-LightItalic.ttf"; path = "../assets/fonts/Inter_28pt-LightItalic.ttf"; sourceTree = "<group>"; fileEncoding = undefined; lastKnownFileType = unknown; explicitFileType = undefined; includeInIndex = 0; };
		7B93C5C0718E4D388BB323B7 /* Inter_18pt-ExtraBoldItalic.ttf */ = {isa = PBXFileReference; name = "Inter_18pt-ExtraBoldItalic.ttf"; path = "../assets/fonts/Inter_18pt-ExtraBoldItalic.ttf"; sourceTree = "<group>"; fileEncoding = undefined; lastKnownFileType = unknown; explicitFileType = undefined; includeInIndex = 0; };
		955F4EEC5AA54CE590915009 /* Inter_24pt-Medium.ttf */ = {isa = PBXFileReference; name = "Inter_24pt-Medium.ttf"; path = "../assets/fonts/Inter_24pt-Medium.ttf"; sourceTree = "<group>"; fileEncoding = undefined; lastKnownFileType = unknown; explicitFileType = undefined; includeInIndex = 0; };
		E4791135928445DB85B5EBB7 /* Inter_28pt-ExtraLightItalic.ttf */ = {isa = PBXFileReference; name = "Inter_28pt-ExtraLightItalic.ttf"; path = "../assets/fonts/Inter_28pt-ExtraLightItalic.ttf"; sourceTree = "<group>"; fileEncoding = undefined; lastKnownFileType = unknown; explicitFileType = undefined; includeInIndex = 0; };
		A758311659B14925BE6A9D91 /* Inter_28pt-Bold.ttf */ = {isa = PBXFileReference; name = "Inter_28pt-Bold.ttf"; path = "../assets/fonts/Inter_28pt-Bold.ttf"; sourceTree = "<group>"; fileEncoding = undefined; lastKnownFileType = unknown; explicitFileType = undefined; includeInIndex = 0; };
		0A9F39FA545141BFAE66A111 /* Inter_28pt-ExtraLight.ttf */ = {isa = PBXFileReference; name = "Inter_28pt-ExtraLight.ttf"; path = "../assets/fonts/Inter_28pt-ExtraLight.ttf"; sourceTree = "<group>"; fileEncoding = undefined; lastKnownFileType = unknown; explicitFileType = undefined; includeInIndex = 0; };
		56A5962EFEC74F588F3C97F6 /* Inter_28pt-Thin.ttf */ = {isa = PBXFileReference; name = "Inter_28pt-Thin.ttf"; path = "../assets/fonts/Inter_28pt-Thin.ttf"; sourceTree = "<group>"; fileEncoding = undefined; lastKnownFileType = unknown; explicitFileType = undefined; includeInIndex = 0; };
		14789559B2DB4698990F20BE /* Inter_28pt-ThinItalic.ttf */ = {isa = PBXFileReference; name = "Inter_28pt-ThinItalic.ttf"; path = "../assets/fonts/Inter_28pt-ThinItalic.ttf"; sourceTree = "<group>"; fileEncoding = undefined; lastKnownFileType = unknown; explicitFileType = undefined; includeInIndex = 0; };
		BA708621D34B42E3AF1221EF /* Inter_24pt-ExtraBold.ttf */ = {isa = PBXFileReference; name = "Inter_24pt-ExtraBold.ttf"; path = "../assets/fonts/Inter_24pt-ExtraBold.ttf"; sourceTree = "<group>"; fileEncoding = undefined; lastKnownFileType = unknown; explicitFileType = undefined; includeInIndex = 0; };
		DD99CB56EA724E03B9B9D0AF /* Inter_24pt-SemiBold.ttf */ = {isa = PBXFileReference; name = "Inter_24pt-SemiBold.ttf"; path = "../assets/fonts/Inter_24pt-SemiBold.ttf"; sourceTree = "<group>"; fileEncoding = undefined; lastKnownFileType = unknown; explicitFileType = undefined; includeInIndex = 0; };
		53D6CE5899AA4788849ACB24 /* Inter_28pt-BoldItalic.ttf */ = {isa = PBXFileReference; name = "Inter_28pt-BoldItalic.ttf"; path = "../assets/fonts/Inter_28pt-BoldItalic.ttf"; sourceTree = "<group>"; fileEncoding = undefined; lastKnownFileType = unknown; explicitFileType = undefined; includeInIndex = 0; };
		147F50C5318648F0856D4B8C /* Inter_24pt-Regular.ttf */ = {isa = PBXFileReference; name = "Inter_24pt-Regular.ttf"; path = "../assets/fonts/Inter_24pt-Regular.ttf"; sourceTree = "<group>"; fileEncoding = undefined; lastKnownFileType = unknown; explicitFileType = undefined; includeInIndex = 0; };
		ACFC3E4BD0534984BD709BE7 /* Inter_28pt-ExtraBoldItalic.ttf */ = {isa = PBXFileReference; name = "Inter_28pt-ExtraBoldItalic.ttf"; path = "../assets/fonts/Inter_28pt-ExtraBoldItalic.ttf"; sourceTree = "<group>"; fileEncoding = undefined; lastKnownFileType = unknown; explicitFileType = undefined; includeInIndex = 0; };
		59E0632359AD47F18651BA06 /* Inter_18pt-LightItalic.ttf */ = {isa = PBXFileReference; name = "Inter_18pt-LightItalic.ttf"; path = "../assets/fonts/Inter_18pt-LightItalic.ttf"; sourceTree = "<group>"; fileEncoding = undefined; lastKnownFileType = unknown; explicitFileType = undefined; includeInIndex = 0; };
		A70EBAE43266498C9567A668 /* Inter_18pt-ExtraLight.ttf */ = {isa = PBXFileReference; name = "Inter_18pt-ExtraLight.ttf"; path = "../assets/fonts/Inter_18pt-ExtraLight.ttf"; sourceTree = "<group>"; fileEncoding = undefined; lastKnownFileType = unknown; explicitFileType = undefined; includeInIndex = 0; };
		17CC0A5253CD42669B408BDC /* Inter_18pt-ThinItalic.ttf */ = {isa = PBXFileReference; name = "Inter_18pt-ThinItalic.ttf"; path = "../assets/fonts/Inter_18pt-ThinItalic.ttf"; sourceTree = "<group>"; fileEncoding = undefined; lastKnownFileType = unknown; explicitFileType = undefined; includeInIndex = 0; };
		AE6375B616774F66B4DDBE85 /* Inter_18pt-ExtraBold.ttf */ = {isa = PBXFileReference; name = "Inter_18pt-ExtraBold.ttf"; path = "../assets/fonts/Inter_18pt-ExtraBold.ttf"; sourceTree = "<group>"; fileEncoding = undefined; lastKnownFileType = unknown; explicitFileType = undefined; includeInIndex = 0; };
		E304DF5144A8421BBDDB0354 /* Inter_18pt-BoldItalic.ttf */ = {isa = PBXFileReference; name = "Inter_18pt-BoldItalic.ttf"; path = "../assets/fonts/Inter_18pt-BoldItalic.ttf"; sourceTree = "<group>"; fileEncoding = undefined; lastKnownFileType = unknown; explicitFileType = undefined; includeInIndex = 0; };
		E2415F50D61F4D248CED066B /* Inter_28pt-Light.ttf */ = {isa = PBXFileReference; name = "Inter_28pt-Light.ttf"; path = "../assets/fonts/Inter_28pt-Light.ttf"; sourceTree = "<group>"; fileEncoding = undefined; lastKnownFileType = unknown; explicitFileType = undefined; includeInIndex = 0; };
		8C1C3C6321984FC4888E91B7 /* Inter_18pt-Thin.ttf */ = {isa = PBXFileReference; name = "Inter_18pt-Thin.ttf"; path = "../assets/fonts/Inter_18pt-Thin.ttf"; sourceTree = "<group>"; fileEncoding = undefined; lastKnownFileType = unknown; explicitFileType = undefined; includeInIndex = 0; };
		912BB009EF124B12AAB3DBA1 /* Inter_28pt-Medium.ttf */ = {isa = PBXFileReference; name = "Inter_28pt-Medium.ttf"; path = "../assets/fonts/Inter_28pt-Medium.ttf"; sourceTree = "<group>"; fileEncoding = undefined; lastKnownFileType = unknown; explicitFileType = undefined; includeInIndex = 0; };
		D3C41025B7F544BEA36E395E /* Inter_18pt-BlackItalic.ttf */ = {isa = PBXFileReference; name = "Inter_18pt-BlackItalic.ttf"; path = "../assets/fonts/Inter_18pt-BlackItalic.ttf"; sourceTree = "<group>"; fileEncoding = undefined; lastKnownFileType = unknown; explicitFileType = undefined; includeInIndex = 0; };
		DF27954F261943919023B3C0 /* Inter_28pt-BlackItalic.ttf */ = {isa = PBXFileReference; name = "Inter_28pt-BlackItalic.ttf"; path = "../assets/fonts/Inter_28pt-BlackItalic.ttf"; sourceTree = "<group>"; fileEncoding = undefined; lastKnownFileType = unknown; explicitFileType = undefined; includeInIndex = 0; };
		7F85F231A6984BD08524650E /* Inter_18pt-Bold.ttf */ = {isa = PBXFileReference; name = "Inter_18pt-Bold.ttf"; path = "../assets/fonts/Inter_18pt-Bold.ttf"; sourceTree = "<group>"; fileEncoding = undefined; lastKnownFileType = unknown; explicitFileType = undefined; includeInIndex = 0; };
		C74445AB550E428FA7347BE3 /* Inter_18pt-ExtraLightItalic.ttf */ = {isa = PBXFileReference; name = "Inter_18pt-ExtraLightItalic.ttf"; path = "../assets/fonts/Inter_18pt-ExtraLightItalic.ttf"; sourceTree = "<group>"; fileEncoding = undefined; lastKnownFileType = unknown; explicitFileType = undefined; includeInIndex = 0; };
		23FCA60E1AF642EDAFB6DA6A /* Inter_18pt-Medium.ttf */ = {isa = PBXFileReference; name = "Inter_18pt-Medium.ttf"; path = "../assets/fonts/Inter_18pt-Medium.ttf"; sourceTree = "<group>"; fileEncoding = undefined; lastKnownFileType = unknown; explicitFileType = undefined; includeInIndex = 0; };
		CB74577CAAAF458F9054A8A5 /* Inter_24pt-ExtraLightItalic.ttf */ = {isa = PBXFileReference; name = "Inter_24pt-ExtraLightItalic.ttf"; path = "../assets/fonts/Inter_24pt-ExtraLightItalic.ttf"; sourceTree = "<group>"; fileEncoding = undefined; lastKnownFileType = unknown; explicitFileType = undefined; includeInIndex = 0; };
		3A284F421510442E9EB2E681 /* Inter_18pt-Black.ttf */ = {isa = PBXFileReference; name = "Inter_18pt-Black.ttf"; path = "../assets/fonts/Inter_18pt-Black.ttf"; sourceTree = "<group>"; fileEncoding = undefined; lastKnownFileType = unknown; explicitFileType = undefined; includeInIndex = 0; };
		2350DEC2DA934BA983E023FB /* Inter_24pt-Light.ttf */ = {isa = PBXFileReference; name = "Inter_24pt-Light.ttf"; path = "../assets/fonts/Inter_24pt-Light.ttf"; sourceTree = "<group>"; fileEncoding = undefined; lastKnownFileType = unknown; explicitFileType = undefined; includeInIndex = 0; };
		EE3F1E81484440F78B2EDA91 /* Inter_28pt-SemiBoldItalic.ttf */ = {isa = PBXFileReference; name = "Inter_28pt-SemiBoldItalic.ttf"; path = "../assets/fonts/Inter_28pt-SemiBoldItalic.ttf"; sourceTree = "<group>"; fileEncoding = undefined; lastKnownFileType = unknown; explicitFileType = undefined; includeInIndex = 0; };
		970D5CD874DD463EAE341104 /* Inter_24pt-ExtraBoldItalic.ttf */ = {isa = PBXFileReference; name = "Inter_24pt-ExtraBoldItalic.ttf"; path = "../assets/fonts/Inter_24pt-ExtraBoldItalic.ttf"; sourceTree = "<group>"; fileEncoding = undefined; lastKnownFileType = unknown; explicitFileType = undefined; includeInIndex = 0; };
		2FE830EEFB734681A8BE365D /* Inter_24pt-MediumItalic.ttf */ = {isa = PBXFileReference; name = "Inter_24pt-MediumItalic.ttf"; path = "../assets/fonts/Inter_24pt-MediumItalic.ttf"; sourceTree = "<group>"; fileEncoding = undefined; lastKnownFileType = unknown; explicitFileType = undefined; includeInIndex = 0; };
		10CD2B947EBD4D50A6CD66A7 /* Inter_28pt-SemiBold.ttf */ = {isa = PBXFileReference; name = "Inter_28pt-SemiBold.ttf"; path = "../assets/fonts/Inter_28pt-SemiBold.ttf"; sourceTree = "<group>"; fileEncoding = undefined; lastKnownFileType = unknown; explicitFileType = undefined; includeInIndex = 0; };
		C35F0E787BF941E7B14FBC35 /* Inter_18pt-MediumItalic.ttf */ = {isa = PBXFileReference; name = "Inter_18pt-MediumItalic.ttf"; path = "../assets/fonts/Inter_18pt-MediumItalic.ttf"; sourceTree = "<group>"; fileEncoding = undefined; lastKnownFileType = unknown; explicitFileType = undefined; includeInIndex = 0; };
		B7671BBAE73D428F989BEE6D /* Inter_24pt-BlackItalic.ttf */ = {isa = PBXFileReference; name = "Inter_24pt-BlackItalic.ttf"; path = "../assets/fonts/Inter_24pt-BlackItalic.ttf"; sourceTree = "<group>"; fileEncoding = undefined; lastKnownFileType = unknown; explicitFileType = undefined; includeInIndex = 0; };
		62717677FF234F398661AD35 /* Inter_28pt-Italic.ttf */ = {isa = PBXFileReference; name = "Inter_28pt-Italic.ttf"; path = "../assets/fonts/Inter_28pt-Italic.ttf"; sourceTree = "<group>"; fileEncoding = undefined; lastKnownFileType = unknown; explicitFileType = undefined; includeInIndex = 0; };
		43541B49A4A04011B456931D /* Inter_24pt-Thin.ttf */ = {isa = PBXFileReference; name = "Inter_24pt-Thin.ttf"; path = "../assets/fonts/Inter_24pt-Thin.ttf"; sourceTree = "<group>"; fileEncoding = undefined; lastKnownFileType = unknown; explicitFileType = undefined; includeInIndex = 0; };
		58C4D581C8C14401A66267C3 /* Inter_24pt-SemiBoldItalic.ttf */ = {isa = PBXFileReference; name = "Inter_24pt-SemiBoldItalic.ttf"; path = "../assets/fonts/Inter_24pt-SemiBoldItalic.ttf"; sourceTree = "<group>"; fileEncoding = undefined; lastKnownFileType = unknown; explicitFileType = undefined; includeInIndex = 0; };
		F28FD8F4A2124B2E8D94EC41 /* Inter_24pt-Black.ttf */ = {isa = PBXFileReference; name = "Inter_24pt-Black.ttf"; path = "../assets/fonts/Inter_24pt-Black.ttf"; sourceTree = "<group>"; fileEncoding = undefined; lastKnownFileType = unknown; explicitFileType = undefined; includeInIndex = 0; };
		81E4DE8076B744F88E455332 /* Inter_18pt-Light.ttf */ = {isa = PBXFileReference; name = "Inter_18pt-Light.ttf"; path = "../assets/fonts/Inter_18pt-Light.ttf"; sourceTree = "<group>"; fileEncoding = undefined; lastKnownFileType = unknown; explicitFileType = undefined; includeInIndex = 0; };
		30FF299969184D919FE42AC0 /* Inter_28pt-Regular.ttf */ = {isa = PBXFileReference; name = "Inter_28pt-Regular.ttf"; path = "../assets/fonts/Inter_28pt-Regular.ttf"; sourceTree = "<group>"; fileEncoding = undefined; lastKnownFileType = unknown; explicitFileType = undefined; includeInIndex = 0; };
		1C9B0C6762CE4781999BC7C8 /* Inter_28pt-MediumItalic.ttf */ = {isa = PBXFileReference; name = "Inter_28pt-MediumItalic.ttf"; path = "../assets/fonts/Inter_28pt-MediumItalic.ttf"; sourceTree = "<group>"; fileEncoding = undefined; lastKnownFileType = unknown; explicitFileType = undefined; includeInIndex = 0; };
		EAAA33A435D24299AD75DA6D /* Inter_28pt-ExtraBold.ttf */ = {isa = PBXFileReference; name = "Inter_28pt-ExtraBold.ttf"; path = "../assets/fonts/Inter_28pt-ExtraBold.ttf"; sourceTree = "<group>"; fileEncoding = undefined; lastKnownFileType = unknown; explicitFileType = undefined; includeInIndex = 0; };
		B91447D478F540CF9E1E988D /* Inter_24pt-Bold.ttf */ = {isa = PBXFileReference; name = "Inter_24pt-Bold.ttf"; path = "../assets/fonts/Inter_24pt-Bold.ttf"; sourceTree = "<group>"; fileEncoding = undefined; lastKnownFileType = unknown; explicitFileType = undefined; includeInIndex = 0; };
		39F418A0AA474C58BADCF384 /* Inter_18pt-Italic.ttf */ = {isa = PBXFileReference; name = "Inter_18pt-Italic.ttf"; path = "../assets/fonts/Inter_18pt-Italic.ttf"; sourceTree = "<group>"; fileEncoding = undefined; lastKnownFileType = unknown; explicitFileType = undefined; includeInIndex = 0; };
		8912BF93A8F5473595C7E93F /* Inter_28pt-Black.ttf */ = {isa = PBXFileReference; name = "Inter_28pt-Black.ttf"; path = "../assets/fonts/Inter_28pt-Black.ttf"; sourceTree = "<group>"; fileEncoding = undefined; lastKnownFileType = unknown; explicitFileType = undefined; includeInIndex = 0; };
		9915B17E7B244306A7544A2C /* Inter_18pt-SemiBoldItalic.ttf */ = {isa = PBXFileReference; name = "Inter_18pt-SemiBoldItalic.ttf"; path = "../assets/fonts/Inter_18pt-SemiBoldItalic.ttf"; sourceTree = "<group>"; fileEncoding = undefined; lastKnownFileType = unknown; explicitFileType = undefined; includeInIndex = 0; };
		649BB6F9970B4532A9EF64F0 /* Inter_24pt-BoldItalic.ttf */ = {isa = PBXFileReference; name = "Inter_24pt-BoldItalic.ttf"; path = "../assets/fonts/Inter_24pt-BoldItalic.ttf"; sourceTree = "<group>"; fileEncoding = undefined; lastKnownFileType = unknown; explicitFileType = undefined; includeInIndex = 0; };
		1F1AAB818374466085AFDD15 /* Inter_18pt-SemiBold.ttf */ = {isa = PBXFileReference; name = "Inter_18pt-SemiBold.ttf"; path = "../assets/fonts/Inter_18pt-SemiBold.ttf"; sourceTree = "<group>"; fileEncoding = undefined; lastKnownFileType = unknown; explicitFileType = undefined; includeInIndex = 0; };
		2FDB094EFC3940A5BC694C4D /* Inter_24pt-ThinItalic.ttf */ = {isa = PBXFileReference; name = "Inter_24pt-ThinItalic.ttf"; path = "../assets/fonts/Inter_24pt-ThinItalic.ttf"; sourceTree = "<group>"; fileEncoding = undefined; lastKnownFileType = unknown; explicitFileType = undefined; includeInIndex = 0; };
		D1C2BA7B8DC64F1FBF2D238B /* Inter_18pt-Regular.ttf */ = {isa = PBXFileReference; name = "Inter_18pt-Regular.ttf"; path = "../assets/fonts/Inter_18pt-Regular.ttf"; sourceTree = "<group>"; fileEncoding = undefined; lastKnownFileType = unknown; explicitFileType = undefined; includeInIndex = 0; };
		4048C3F538AB4BF2B94F960C /* Inter_24pt-ExtraLight.ttf */ = {isa = PBXFileReference; name = "Inter_24pt-ExtraLight.ttf"; path = "../assets/fonts/Inter_24pt-ExtraLight.ttf"; sourceTree = "<group>"; fileEncoding = undefined; lastKnownFileType = unknown; explicitFileType = undefined; includeInIndex = 0; };
		454139EA89A743FEAC01AE88 /* Inter_24pt-Italic.ttf */ = {isa = PBXFileReference; name = "Inter_24pt-Italic.ttf"; path = "../assets/fonts/Inter_24pt-Italic.ttf"; sourceTree = "<group>"; fileEncoding = undefined; lastKnownFileType = unknown; explicitFileType = undefined; includeInIndex = 0; };
		7B7EC43D21ED467B8E5C20B6 /* Inter_24pt-LightItalic.ttf */ = {isa = PBXFileReference; name = "Inter_24pt-LightItalic.ttf"; path = "../assets/fonts/Inter_24pt-LightItalic.ttf"; sourceTree = "<group>"; fileEncoding = undefined; lastKnownFileType = unknown; explicitFileType = undefined; includeInIndex = 0; };
/* End PBXFileReference section */

/* Begin PBXFrameworksBuildPhase section */
		00E356EB1AD99517003FC87E /* Frameworks */ = {
			isa = PBXFrameworksBuildPhase;
			buildActionMask = 2147483647;
			files = (
				7699B88040F8A987B510C191 /* libPods-SocialMedia-SocialMediaTests.a in Frameworks */,
			);
			runOnlyForDeploymentPostprocessing = 0;
		};
		13B07F8C1A680F5B00A75B9A /* Frameworks */ = {
			isa = PBXFrameworksBuildPhase;
			buildActionMask = 2147483647;
			files = (
				0C80B921A6F3F58F76C31292 /* libPods-SocialMedia.a in Frameworks */,
			);
			runOnlyForDeploymentPostprocessing = 0;
		};
/* End PBXFrameworksBuildPhase section */

/* Begin PBXGroup section */
		00E356EF1AD99517003FC87E /* SocialMediaTests */ = {
			isa = PBXGroup;
			children = (
				00E356F21AD99517003FC87E /* SocialMediaTests.m */,
				00E356F01AD99517003FC87E /* Supporting Files */,
			);
			path = SocialMediaTests;
			sourceTree = "<group>";
		};
		00E356F01AD99517003FC87E /* Supporting Files */ = {
			isa = PBXGroup;
			children = (
				00E356F11AD99517003FC87E /* Info.plist */,
			);
			name = "Supporting Files";
			sourceTree = "<group>";
		};
		13B07FAE1A68108700A75B9A /* SocialMedia */ = {
			isa = PBXGroup;
			children = (
				13B07FAF1A68108700A75B9A /* AppDelegate.h */,
				13B07FB01A68108700A75B9A /* AppDelegate.mm */,
				13B07FB51A68108700A75B9A /* Images.xcassets */,
				13B07FB61A68108700A75B9A /* Info.plist */,
				81AB9BB72411601600AC10FF /* LaunchScreen.storyboard */,
				13B07FB71A68108700A75B9A /* main.m */,
			);
			name = SocialMedia;
			sourceTree = "<group>";
		};
		2D16E6871FA4F8E400B85C8A /* Frameworks */ = {
			isa = PBXGroup;
			children = (
				ED297162215061F000B7C4FE /* JavaScriptCore.framework */,
				5DCACB8F33CDC322A6C60F78 /* libPods-SocialMedia.a */,
				19F6CBCC0A4E27FBF8BF4A61 /* libPods-SocialMedia-SocialMediaTests.a */,
			);
			name = Frameworks;
			sourceTree = "<group>";
		};
		832341AE1AAA6A7D00B99B32 /* Libraries */ = {
			isa = PBXGroup;
			children = (
			);
			name = Libraries;
			sourceTree = "<group>";
		};
		83CBB9F61A601CBA00E9B192 = {
			isa = PBXGroup;
			children = (
				13B07FAE1A68108700A75B9A /* SocialMedia */,
				832341AE1AAA6A7D00B99B32 /* Libraries */,
				00E356EF1AD99517003FC87E /* SocialMediaTests */,
				83CBBA001A601CBA00E9B192 /* Products */,
				2D16E6871FA4F8E400B85C8A /* Frameworks */,
				BBD78D7AC51CEA395F1C20DB /* Pods */,
				B8B5052F95484546A6B010B0 /* Resources */,
			);
			indentWidth = 2;
			sourceTree = "<group>";
			tabWidth = 2;
			usesTabs = 0;
		};
		83CBBA001A601CBA00E9B192 /* Products */ = {
			isa = PBXGroup;
			children = (
				13B07F961A680F5B00A75B9A /* SocialMedia.app */,
				00E356EE1AD99517003FC87E /* SocialMediaTests.xctest */,
			);
			name = Products;
			sourceTree = "<group>";
		};
		BBD78D7AC51CEA395F1C20DB /* Pods */ = {
			isa = PBXGroup;
			children = (
				3B4392A12AC88292D35C810B /* Pods-SocialMedia.debug.xcconfig */,
				5709B34CF0A7D63546082F79 /* Pods-SocialMedia.release.xcconfig */,
				5B7EB9410499542E8C5724F5 /* Pods-SocialMedia-SocialMediaTests.debug.xcconfig */,
				89C6BE57DB24E9ADA2F236DE /* Pods-SocialMedia-SocialMediaTests.release.xcconfig */,
			);
			path = Pods;
			sourceTree = "<group>";
		};
		B8B5052F95484546A6B010B0 /* Resources */ = {
			isa = "PBXGroup";
			children = (
				126B929A0E8843268079CA6C /* Inter_28pt-LightItalic.ttf */,
				7B93C5C0718E4D388BB323B7 /* Inter_18pt-ExtraBoldItalic.ttf */,
				955F4EEC5AA54CE590915009 /* Inter_24pt-Medium.ttf */,
				E4791135928445DB85B5EBB7 /* Inter_28pt-ExtraLightItalic.ttf */,
				A758311659B14925BE6A9D91 /* Inter_28pt-Bold.ttf */,
				0A9F39FA545141BFAE66A111 /* Inter_28pt-ExtraLight.ttf */,
				56A5962EFEC74F588F3C97F6 /* Inter_28pt-Thin.ttf */,
				14789559B2DB4698990F20BE /* Inter_28pt-ThinItalic.ttf */,
				BA708621D34B42E3AF1221EF /* Inter_24pt-ExtraBold.ttf */,
				DD99CB56EA724E03B9B9D0AF /* Inter_24pt-SemiBold.ttf */,
				53D6CE5899AA4788849ACB24 /* Inter_28pt-BoldItalic.ttf */,
				147F50C5318648F0856D4B8C /* Inter_24pt-Regular.ttf */,
				ACFC3E4BD0534984BD709BE7 /* Inter_28pt-ExtraBoldItalic.ttf */,
				59E0632359AD47F18651BA06 /* Inter_18pt-LightItalic.ttf */,
				A70EBAE43266498C9567A668 /* Inter_18pt-ExtraLight.ttf */,
				17CC0A5253CD42669B408BDC /* Inter_18pt-ThinItalic.ttf */,
				AE6375B616774F66B4DDBE85 /* Inter_18pt-ExtraBold.ttf */,
				E304DF5144A8421BBDDB0354 /* Inter_18pt-BoldItalic.ttf */,
				E2415F50D61F4D248CED066B /* Inter_28pt-Light.ttf */,
				8C1C3C6321984FC4888E91B7 /* Inter_18pt-Thin.ttf */,
				912BB009EF124B12AAB3DBA1 /* Inter_28pt-Medium.ttf */,
				D3C41025B7F544BEA36E395E /* Inter_18pt-BlackItalic.ttf */,
				DF27954F261943919023B3C0 /* Inter_28pt-BlackItalic.ttf */,
				7F85F231A6984BD08524650E /* Inter_18pt-Bold.ttf */,
				C74445AB550E428FA7347BE3 /* Inter_18pt-ExtraLightItalic.ttf */,
				23FCA60E1AF642EDAFB6DA6A /* Inter_18pt-Medium.ttf */,
				CB74577CAAAF458F9054A8A5 /* Inter_24pt-ExtraLightItalic.ttf */,
				3A284F421510442E9EB2E681 /* Inter_18pt-Black.ttf */,
				2350DEC2DA934BA983E023FB /* Inter_24pt-Light.ttf */,
				EE3F1E81484440F78B2EDA91 /* Inter_28pt-SemiBoldItalic.ttf */,
				970D5CD874DD463EAE341104 /* Inter_24pt-ExtraBoldItalic.ttf */,
				2FE830EEFB734681A8BE365D /* Inter_24pt-MediumItalic.ttf */,
				10CD2B947EBD4D50A6CD66A7 /* Inter_28pt-SemiBold.ttf */,
				C35F0E787BF941E7B14FBC35 /* Inter_18pt-MediumItalic.ttf */,
				B7671BBAE73D428F989BEE6D /* Inter_24pt-BlackItalic.ttf */,
				62717677FF234F398661AD35 /* Inter_28pt-Italic.ttf */,
				43541B49A4A04011B456931D /* Inter_24pt-Thin.ttf */,
				58C4D581C8C14401A66267C3 /* Inter_24pt-SemiBoldItalic.ttf */,
				F28FD8F4A2124B2E8D94EC41 /* Inter_24pt-Black.ttf */,
				81E4DE8076B744F88E455332 /* Inter_18pt-Light.ttf */,
				30FF299969184D919FE42AC0 /* Inter_28pt-Regular.ttf */,
				1C9B0C6762CE4781999BC7C8 /* Inter_28pt-MediumItalic.ttf */,
				EAAA33A435D24299AD75DA6D /* Inter_28pt-ExtraBold.ttf */,
				B91447D478F540CF9E1E988D /* Inter_24pt-Bold.ttf */,
				39F418A0AA474C58BADCF384 /* Inter_18pt-Italic.ttf */,
				8912BF93A8F5473595C7E93F /* Inter_28pt-Black.ttf */,
				9915B17E7B244306A7544A2C /* Inter_18pt-SemiBoldItalic.ttf */,
				649BB6F9970B4532A9EF64F0 /* Inter_24pt-BoldItalic.ttf */,
				1F1AAB818374466085AFDD15 /* Inter_18pt-SemiBold.ttf */,
				2FDB094EFC3940A5BC694C4D /* Inter_24pt-ThinItalic.ttf */,
				D1C2BA7B8DC64F1FBF2D238B /* Inter_18pt-Regular.ttf */,
				4048C3F538AB4BF2B94F960C /* Inter_24pt-ExtraLight.ttf */,
				454139EA89A743FEAC01AE88 /* Inter_24pt-Italic.ttf */,
				7B7EC43D21ED467B8E5C20B6 /* Inter_24pt-LightItalic.ttf */,
			);
			name = Resources;
			sourceTree = "<group>";
			path = "";
		};
/* End PBXGroup section */

/* Begin PBXNativeTarget section */
		00E356ED1AD99517003FC87E /* SocialMediaTests */ = {
			isa = PBXNativeTarget;
			buildConfigurationList = 00E357021AD99517003FC87E /* Build configuration list for PBXNativeTarget "SocialMediaTests" */;
			buildPhases = (
				A55EABD7B0C7F3A422A6CC61 /* [CP] Check Pods Manifest.lock */,
				00E356EA1AD99517003FC87E /* Sources */,
				00E356EB1AD99517003FC87E /* Frameworks */,
				00E356EC1AD99517003FC87E /* Resources */,
				C59DA0FBD6956966B86A3779 /* [CP] Embed Pods Frameworks */,
				F6A41C54EA430FDDC6A6ED99 /* [CP] Copy Pods Resources */,
			);
			buildRules = (
			);
			dependencies = (
				00E356F51AD99517003FC87E /* PBXTargetDependency */,
			);
			name = SocialMediaTests;
			productName = SocialMediaTests;
			productReference = 00E356EE1AD99517003FC87E /* SocialMediaTests.xctest */;
			productType = "com.apple.product-type.bundle.unit-test";
		};
		13B07F861A680F5B00A75B9A /* SocialMedia */ = {
			isa = PBXNativeTarget;
			buildConfigurationList = 13B07F931A680F5B00A75B9A /* Build configuration list for PBXNativeTarget "SocialMedia" */;
			buildPhases = (
				C38B50BA6285516D6DCD4F65 /* [CP] Check Pods Manifest.lock */,
				FD10A7F022414F080027D42C /* Start Packager */,
				13B07F871A680F5B00A75B9A /* Sources */,
				13B07F8C1A680F5B00A75B9A /* Frameworks */,
				13B07F8E1A680F5B00A75B9A /* Resources */,
				00DD1BFF1BD5951E006B06BC /* Bundle React Native code and images */,
				00EEFC60759A1932668264C0 /* [CP] Embed Pods Frameworks */,
				E235C05ADACE081382539298 /* [CP] Copy Pods Resources */,
			);
			buildRules = (
			);
			dependencies = (
			);
			name = SocialMedia;
			productName = SocialMedia;
			productReference = 13B07F961A680F5B00A75B9A /* SocialMedia.app */;
			productType = "com.apple.product-type.application";
		};
/* End PBXNativeTarget section */

/* Begin PBXProject section */
		83CBB9F71A601CBA00E9B192 /* Project object */ = {
			isa = PBXProject;
			attributes = {
				LastUpgradeCheck = 1210;
				TargetAttributes = {
					00E356ED1AD99517003FC87E = {
						CreatedOnToolsVersion = 6.2;
						TestTargetID = 13B07F861A680F5B00A75B9A;
					};
					13B07F861A680F5B00A75B9A = {
						LastSwiftMigration = 1120;
					};
				};
			};
			buildConfigurationList = 83CBB9FA1A601CBA00E9B192 /* Build configuration list for PBXProject "SocialMedia" */;
			compatibilityVersion = "Xcode 12.0";
			developmentRegion = en;
			hasScannedForEncodings = 0;
			knownRegions = (
				en,
				Base,
			);
			mainGroup = 83CBB9F61A601CBA00E9B192;
			productRefGroup = 83CBBA001A601CBA00E9B192 /* Products */;
			projectDirPath = "";
			projectRoot = "";
			targets = (
				13B07F861A680F5B00A75B9A /* SocialMedia */,
				00E356ED1AD99517003FC87E /* SocialMediaTests */,
			);
		};
/* End PBXProject section */

/* Begin PBXResourcesBuildPhase section */
		00E356EC1AD99517003FC87E /* Resources */ = {
			isa = PBXResourcesBuildPhase;
			buildActionMask = 2147483647;
			files = (
				B8A102A4453241738B21822C /* Inter_28pt-LightItalic.ttf in Resources */,
				D4BDD27BA798402A8DA2207A /* Inter_18pt-ExtraBoldItalic.ttf in Resources */,
				19C165A2DAD049DD9E7494F1 /* Inter_24pt-Medium.ttf in Resources */,
				8C66E0FAD4294BFEACC8CAAD /* Inter_28pt-ExtraLightItalic.ttf in Resources */,
				C94F047F97394CC49875BC5A /* Inter_28pt-Bold.ttf in Resources */,
				B12926DB91244B8993DE26CA /* Inter_28pt-ExtraLight.ttf in Resources */,
				FC7BF50679D4403FA079223A /* Inter_28pt-Thin.ttf in Resources */,
				C750C4ED94CC447C8C612E7B /* Inter_28pt-ThinItalic.ttf in Resources */,
				E2D0A2E6077A4E38A467CB36 /* Inter_24pt-ExtraBold.ttf in Resources */,
				DD80D81E7F654895A0ACCD51 /* Inter_24pt-SemiBold.ttf in Resources */,
				CD141D2534A64B4AAC107F06 /* Inter_28pt-BoldItalic.ttf in Resources */,
				E2907A39DDA54D75A2299817 /* Inter_24pt-Regular.ttf in Resources */,
				81208D0E3E6741F190169049 /* Inter_28pt-ExtraBoldItalic.ttf in Resources */,
				D01968EDFA21452194C2BDC4 /* Inter_18pt-LightItalic.ttf in Resources */,
				0DB4F1FB547E4AC29ACE3032 /* Inter_18pt-ExtraLight.ttf in Resources */,
				ABF89D3D107B43B2B60D0A24 /* Inter_18pt-ThinItalic.ttf in Resources */,
				1FFD155EF1AF4BB5AD7EEB7A /* Inter_18pt-ExtraBold.ttf in Resources */,
				C7A9E60BD0C24D888A6B5F23 /* Inter_18pt-BoldItalic.ttf in Resources */,
				4E4B1DFEE25C4220B96A02D9 /* Inter_28pt-Light.ttf in Resources */,
				6842859FAE464C6FB18E159E /* Inter_18pt-Thin.ttf in Resources */,
				1E3B36D709AE4CB0BBB88797 /* Inter_28pt-Medium.ttf in Resources */,
				4FD5FA9767BA43CBACA0FAB3 /* Inter_18pt-BlackItalic.ttf in Resources */,
				1DB621B7AC374B91B15B5535 /* Inter_28pt-BlackItalic.ttf in Resources */,
				F0EDD3B174184527BDFB1F27 /* Inter_18pt-Bold.ttf in Resources */,
				C28E61FFAC8840B5A433DAF1 /* Inter_18pt-ExtraLightItalic.ttf in Resources */,
				6B1E5EC6AF7348CFA8C764DC /* Inter_18pt-Medium.ttf in Resources */,
				E971EA226A6244A7ADF3CEE4 /* Inter_24pt-ExtraLightItalic.ttf in Resources */,
				F565A3F55D2E40A6AB0D4096 /* Inter_18pt-Black.ttf in Resources */,
				6CAB6A8DEE264339B0E8BEB4 /* Inter_24pt-Light.ttf in Resources */,
				6A8AF22B0B6C4F0CBC602F93 /* Inter_28pt-SemiBoldItalic.ttf in Resources */,
				CEDC51CE19384FC887D49BB0 /* Inter_24pt-ExtraBoldItalic.ttf in Resources */,
				F3071DB35F9E4915BE08A228 /* Inter_24pt-MediumItalic.ttf in Resources */,
				EFF0B56F930E428AA641A9FE /* Inter_28pt-SemiBold.ttf in Resources */,
				968DF81D094449C0A18B331C /* Inter_18pt-MediumItalic.ttf in Resources */,
				8898DC88F3A24F3D93F732E8 /* Inter_24pt-BlackItalic.ttf in Resources */,
				451372736EB844E194D6EABB /* Inter_28pt-Italic.ttf in Resources */,
				0CCB655B6BD94C479C22EFBA /* Inter_24pt-Thin.ttf in Resources */,
				93B5E3F33BB34276A227000E /* Inter_24pt-SemiBoldItalic.ttf in Resources */,
				0D89BB8E3D714BE1980211AA /* Inter_24pt-Black.ttf in Resources */,
				4215075F276D4CFBBD3388C1 /* Inter_18pt-Light.ttf in Resources */,
				6017BC7A7038453392354613 /* Inter_28pt-Regular.ttf in Resources */,
				9B0E6B06C30548A0A7F93A14 /* Inter_28pt-MediumItalic.ttf in Resources */,
				22EBD6C20B6C4C61B063B980 /* Inter_28pt-ExtraBold.ttf in Resources */,
				70C3AD49CB3340A98AB98D85 /* Inter_24pt-Bold.ttf in Resources */,
				5CF2677F0B39410BB2657C51 /* Inter_18pt-Italic.ttf in Resources */,
				8144F3ABFFBA4C6585169FAA /* Inter_28pt-Black.ttf in Resources */,
				A6DDAB2EB30F40389BAE1D13 /* Inter_18pt-SemiBoldItalic.ttf in Resources */,
				ECCB7280226B44B78A447102 /* Inter_24pt-BoldItalic.ttf in Resources */,
				34C05B22415A4A46BFAE0B98 /* Inter_18pt-SemiBold.ttf in Resources */,
				5BCF9EB12AD64B0DB9B833C3 /* Inter_24pt-ThinItalic.ttf in Resources */,
				1DEABFD72C73419994E0CB3A /* Inter_18pt-Regular.ttf in Resources */,
				D2197D4D41954C119806C36B /* Inter_24pt-ExtraLight.ttf in Resources */,
				B7ADAF6F45684442936BEEF1 /* Inter_24pt-Italic.ttf in Resources */,
				C63123F9A49E4C4D873FB581 /* Inter_24pt-LightItalic.ttf in Resources */,
			);
			runOnlyForDeploymentPostprocessing = 0;
		};
		13B07F8E1A680F5B00A75B9A /* Resources */ = {
			isa = PBXResourcesBuildPhase;
			buildActionMask = 2147483647;
			files = (
				81AB9BB82411601600AC10FF /* LaunchScreen.storyboard in Resources */,
				13B07FBF1A68108700A75B9A /* Images.xcassets in Resources */,
				C0EC18E36C854DDDBD138B06 /* Inter_28pt-LightItalic.ttf in Resources */,
				DE8E0ED4554C4C45AF55D56B /* Inter_18pt-ExtraBoldItalic.ttf in Resources */,
				14EA179947994BA2B3FD5E95 /* Inter_24pt-Medium.ttf in Resources */,
				FED14F5F488A4737ABB84C0B /* Inter_28pt-ExtraLightItalic.ttf in Resources */,
				CB696051AE54454B8399B988 /* Inter_28pt-Bold.ttf in Resources */,
				DCD65DA857264CE695848AB7 /* Inter_28pt-ExtraLight.ttf in Resources */,
				49C2252FEB67468296A5C891 /* Inter_28pt-Thin.ttf in Resources */,
				EA9138226F094E3D818219C9 /* Inter_28pt-ThinItalic.ttf in Resources */,
				54B1DE68863E4B1082A2A428 /* Inter_24pt-ExtraBold.ttf in Resources */,
				63C1D12E46D94D1A98DD29D2 /* Inter_24pt-SemiBold.ttf in Resources */,
				3D4A8D19C122497D88401CDD /* Inter_28pt-BoldItalic.ttf in Resources */,
				900C9D231E604373BD285CA0 /* Inter_24pt-Regular.ttf in Resources */,
				F6FC6ACA801743F6AC1CF5B0 /* Inter_28pt-ExtraBoldItalic.ttf in Resources */,
				B3488996CABD4F84BDA8819F /* Inter_18pt-LightItalic.ttf in Resources */,
				059460CEDF064CC59E197A93 /* Inter_18pt-ExtraLight.ttf in Resources */,
				3808B104F72F40DEBF96C1C7 /* Inter_18pt-ThinItalic.ttf in Resources */,
				14309FC67CB94D57926D9196 /* Inter_18pt-ExtraBold.ttf in Resources */,
				F11B6EB7407A4EE0938BF52F /* Inter_18pt-BoldItalic.ttf in Resources */,
				751CF4ABA8C6456D962A5B3A /* Inter_28pt-Light.ttf in Resources */,
				EB453819B39A404A95F56FCF /* Inter_18pt-Thin.ttf in Resources */,
				6516695358084DFB89E0C410 /* Inter_28pt-Medium.ttf in Resources */,
				AFFCF8DD56A64AC896F1B9B8 /* Inter_18pt-BlackItalic.ttf in Resources */,
				2397D188EF824444B8DA3228 /* Inter_28pt-BlackItalic.ttf in Resources */,
				9896319F4AB9409A8F41E423 /* Inter_18pt-Bold.ttf in Resources */,
				041B8C12A7784856AAF8AD2A /* Inter_18pt-ExtraLightItalic.ttf in Resources */,
				B012C6AB2B204885B4FDD6C0 /* Inter_18pt-Medium.ttf in Resources */,
				12C2F0B91D3B4726A8C055B5 /* Inter_24pt-ExtraLightItalic.ttf in Resources */,
				7519345435A04FD1A5B251EF /* Inter_18pt-Black.ttf in Resources */,
				CCA713CCB6544410A17A2571 /* Inter_24pt-Light.ttf in Resources */,
				97EC7F36B5654EC1B28D41B5 /* Inter_28pt-SemiBoldItalic.ttf in Resources */,
				FB21F52C5A084FA5B091194D /* Inter_24pt-ExtraBoldItalic.ttf in Resources */,
				84D37AAF7F1C4DF2A11A7400 /* Inter_24pt-MediumItalic.ttf in Resources */,
				AEDDDEAAE78942BDAC5894E8 /* Inter_28pt-SemiBold.ttf in Resources */,
				B65DB4EE9EBB4EE29048AB79 /* Inter_18pt-MediumItalic.ttf in Resources */,
				4381F97245A24E5CB5EE913F /* Inter_24pt-BlackItalic.ttf in Resources */,
				C2A833A9319548AE83ABCFA4 /* Inter_28pt-Italic.ttf in Resources */,
				1A7EE95F902046279A3B4B6A /* Inter_24pt-Thin.ttf in Resources */,
				70C9CD52B02841D5A60B7B61 /* Inter_24pt-SemiBoldItalic.ttf in Resources */,
				367BAE66EFBB47F4B7A3667F /* Inter_24pt-Black.ttf in Resources */,
				FA4CD411F5864A31B6118A7F /* Inter_18pt-Light.ttf in Resources */,
				FE07859208DA48C397BADAF8 /* Inter_28pt-Regular.ttf in Resources */,
				D5519C32A1BC4411ABD2ABDA /* Inter_28pt-MediumItalic.ttf in Resources */,
				74936EA6BDEF41FE8CC30528 /* Inter_28pt-ExtraBold.ttf in Resources */,
				62A89D73A2F54D92845A9C14 /* Inter_24pt-Bold.ttf in Resources */,
				DEA87FD2233042DBA125DE07 /* Inter_18pt-Italic.ttf in Resources */,
				1B37744FE07943FFB847C220 /* Inter_28pt-Black.ttf in Resources */,
				3A6BDADE34EE4C4D90F153FF /* Inter_18pt-SemiBoldItalic.ttf in Resources */,
				987BFD907FCB4EA3A6E51370 /* Inter_24pt-BoldItalic.ttf in Resources */,
				5B5DC4B7297444B6A35AC1FD /* Inter_18pt-SemiBold.ttf in Resources */,
				419F79D6B2A14301A3B4EFEB /* Inter_24pt-ThinItalic.ttf in Resources */,
				7BB0F577FD0B4903844B48D3 /* Inter_18pt-Regular.ttf in Resources */,
				FBE11D35CB8F454E96B738FD /* Inter_24pt-ExtraLight.ttf in Resources */,
				FBB02BF021E34D07B8A377F0 /* Inter_24pt-Italic.ttf in Resources */,
				03ECC49296E0416AB8EC71B6 /* Inter_24pt-LightItalic.ttf in Resources */,
			);
			runOnlyForDeploymentPostprocessing = 0;
		};
/* End PBXResourcesBuildPhase section */

/* Begin PBXShellScriptBuildPhase section */
		00DD1BFF1BD5951E006B06BC /* Bundle React Native code and images */ = {
			isa = PBXShellScriptBuildPhase;
			buildActionMask = 2147483647;
			files = (
			);
			inputPaths = (
				"$(SRCROOT)/.xcode.env.local",
				"$(SRCROOT)/.xcode.env",
			);
			name = "Bundle React Native code and images";
			outputPaths = (
			);
			runOnlyForDeploymentPostprocessing = 0;
			shellPath = /bin/sh;
			shellScript = "set -e\n\nWITH_ENVIRONMENT=\"../node_modules/react-native/scripts/xcode/with-environment.sh\"\nREACT_NATIVE_XCODE=\"../node_modules/react-native/scripts/react-native-xcode.sh\"\n\n/bin/sh -c \"$WITH_ENVIRONMENT $REACT_NATIVE_XCODE\"\n";
		};
		00EEFC60759A1932668264C0 /* [CP] Embed Pods Frameworks */ = {
			isa = PBXShellScriptBuildPhase;
			buildActionMask = 2147483647;
			files = (
			);
			inputFileListPaths = (
				"${PODS_ROOT}/Target Support Files/Pods-SocialMedia/Pods-SocialMedia-frameworks-${CONFIGURATION}-input-files.xcfilelist",
			);
			name = "[CP] Embed Pods Frameworks";
			outputFileListPaths = (
				"${PODS_ROOT}/Target Support Files/Pods-SocialMedia/Pods-SocialMedia-frameworks-${CONFIGURATION}-output-files.xcfilelist",
			);
			runOnlyForDeploymentPostprocessing = 0;
			shellPath = /bin/sh;
			shellScript = "\"${PODS_ROOT}/Target Support Files/Pods-SocialMedia/Pods-SocialMedia-frameworks.sh\"\n";
			showEnvVarsInLog = 0;
		};
		A55EABD7B0C7F3A422A6CC61 /* [CP] Check Pods Manifest.lock */ = {
			isa = PBXShellScriptBuildPhase;
			buildActionMask = 2147483647;
			files = (
			);
			inputFileListPaths = (
			);
			inputPaths = (
				"${PODS_PODFILE_DIR_PATH}/Podfile.lock",
				"${PODS_ROOT}/Manifest.lock",
			);
			name = "[CP] Check Pods Manifest.lock";
			outputFileListPaths = (
			);
			outputPaths = (
				"$(DERIVED_FILE_DIR)/Pods-SocialMedia-SocialMediaTests-checkManifestLockResult.txt",
			);
			runOnlyForDeploymentPostprocessing = 0;
			shellPath = /bin/sh;
			shellScript = "diff \"${PODS_PODFILE_DIR_PATH}/Podfile.lock\" \"${PODS_ROOT}/Manifest.lock\" > /dev/null\nif [ $? != 0 ] ; then\n    # print error to STDERR\n    echo \"error: The sandbox is not in sync with the Podfile.lock. Run 'pod install' or update your CocoaPods installation.\" >&2\n    exit 1\nfi\n# This output is used by Xcode 'outputs' to avoid re-running this script phase.\necho \"SUCCESS\" > \"${SCRIPT_OUTPUT_FILE_0}\"\n";
			showEnvVarsInLog = 0;
		};
		C38B50BA6285516D6DCD4F65 /* [CP] Check Pods Manifest.lock */ = {
			isa = PBXShellScriptBuildPhase;
			buildActionMask = 2147483647;
			files = (
			);
			inputFileListPaths = (
			);
			inputPaths = (
				"${PODS_PODFILE_DIR_PATH}/Podfile.lock",
				"${PODS_ROOT}/Manifest.lock",
			);
			name = "[CP] Check Pods Manifest.lock";
			outputFileListPaths = (
			);
			outputPaths = (
				"$(DERIVED_FILE_DIR)/Pods-SocialMedia-checkManifestLockResult.txt",
			);
			runOnlyForDeploymentPostprocessing = 0;
			shellPath = /bin/sh;
			shellScript = "diff \"${PODS_PODFILE_DIR_PATH}/Podfile.lock\" \"${PODS_ROOT}/Manifest.lock\" > /dev/null\nif [ $? != 0 ] ; then\n    # print error to STDERR\n    echo \"error: The sandbox is not in sync with the Podfile.lock. Run 'pod install' or update your CocoaPods installation.\" >&2\n    exit 1\nfi\n# This output is used by Xcode 'outputs' to avoid re-running this script phase.\necho \"SUCCESS\" > \"${SCRIPT_OUTPUT_FILE_0}\"\n";
			showEnvVarsInLog = 0;
		};
		C59DA0FBD6956966B86A3779 /* [CP] Embed Pods Frameworks */ = {
			isa = PBXShellScriptBuildPhase;
			buildActionMask = 2147483647;
			files = (
			);
			inputFileListPaths = (
				"${PODS_ROOT}/Target Support Files/Pods-SocialMedia-SocialMediaTests/Pods-SocialMedia-SocialMediaTests-frameworks-${CONFIGURATION}-input-files.xcfilelist",
			);
			name = "[CP] Embed Pods Frameworks";
			outputFileListPaths = (
				"${PODS_ROOT}/Target Support Files/Pods-SocialMedia-SocialMediaTests/Pods-SocialMedia-SocialMediaTests-frameworks-${CONFIGURATION}-output-files.xcfilelist",
			);
			runOnlyForDeploymentPostprocessing = 0;
			shellPath = /bin/sh;
			shellScript = "\"${PODS_ROOT}/Target Support Files/Pods-SocialMedia-SocialMediaTests/Pods-SocialMedia-SocialMediaTests-frameworks.sh\"\n";
			showEnvVarsInLog = 0;
		};
		E235C05ADACE081382539298 /* [CP] Copy Pods Resources */ = {
			isa = PBXShellScriptBuildPhase;
			buildActionMask = 2147483647;
			files = (
			);
			inputFileListPaths = (
				"${PODS_ROOT}/Target Support Files/Pods-SocialMedia/Pods-SocialMedia-resources-${CONFIGURATION}-input-files.xcfilelist",
			);
			name = "[CP] Copy Pods Resources";
			outputFileListPaths = (
				"${PODS_ROOT}/Target Support Files/Pods-SocialMedia/Pods-SocialMedia-resources-${CONFIGURATION}-output-files.xcfilelist",
			);
			runOnlyForDeploymentPostprocessing = 0;
			shellPath = /bin/sh;
			shellScript = "\"${PODS_ROOT}/Target Support Files/Pods-SocialMedia/Pods-SocialMedia-resources.sh\"\n";
			showEnvVarsInLog = 0;
		};
		F6A41C54EA430FDDC6A6ED99 /* [CP] Copy Pods Resources */ = {
			isa = PBXShellScriptBuildPhase;
			buildActionMask = 2147483647;
			files = (
			);
			inputFileListPaths = (
				"${PODS_ROOT}/Target Support Files/Pods-SocialMedia-SocialMediaTests/Pods-SocialMedia-SocialMediaTests-resources-${CONFIGURATION}-input-files.xcfilelist",
			);
			name = "[CP] Copy Pods Resources";
			outputFileListPaths = (
				"${PODS_ROOT}/Target Support Files/Pods-SocialMedia-SocialMediaTests/Pods-SocialMedia-SocialMediaTests-resources-${CONFIGURATION}-output-files.xcfilelist",
			);
			runOnlyForDeploymentPostprocessing = 0;
			shellPath = /bin/sh;
			shellScript = "\"${PODS_ROOT}/Target Support Files/Pods-SocialMedia-SocialMediaTests/Pods-SocialMedia-SocialMediaTests-resources.sh\"\n";
			showEnvVarsInLog = 0;
		};
		FD10A7F022414F080027D42C /* Start Packager */ = {
			isa = PBXShellScriptBuildPhase;
			buildActionMask = 2147483647;
			files = (
			);
			inputFileListPaths = (
			);
			inputPaths = (
			);
			name = "Start Packager";
			outputFileListPaths = (
			);
			outputPaths = (
			);
			runOnlyForDeploymentPostprocessing = 0;
			shellPath = /bin/sh;
			shellScript = "export RCT_METRO_PORT=\"${RCT_METRO_PORT:=8081}\"\necho \"export RCT_METRO_PORT=${RCT_METRO_PORT}\" > \"${SRCROOT}/../node_modules/react-native/scripts/.packager.env\"\nif [ -z \"${RCT_NO_LAUNCH_PACKAGER+xxx}\" ] ; then\n  if nc -w 5 -z localhost ${RCT_METRO_PORT} ; then\n    if ! curl -s \"http://localhost:${RCT_METRO_PORT}/status\" | grep -q \"packager-status:running\" ; then\n      echo \"Port ${RCT_METRO_PORT} already in use, packager is either not running or not running correctly\"\n      exit 2\n    fi\n  else\n    open \"$SRCROOT/../node_modules/react-native/scripts/launchPackager.command\" || echo \"Can't start packager automatically\"\n  fi\nfi\n";
			showEnvVarsInLog = 0;
		};
/* End PBXShellScriptBuildPhase section */

/* Begin PBXSourcesBuildPhase section */
		00E356EA1AD99517003FC87E /* Sources */ = {
			isa = PBXSourcesBuildPhase;
			buildActionMask = 2147483647;
			files = (
				00E356F31AD99517003FC87E /* SocialMediaTests.m in Sources */,
			);
			runOnlyForDeploymentPostprocessing = 0;
		};
		13B07F871A680F5B00A75B9A /* Sources */ = {
			isa = PBXSourcesBuildPhase;
			buildActionMask = 2147483647;
			files = (
				13B07FBC1A68108700A75B9A /* AppDelegate.mm in Sources */,
				13B07FC11A68108700A75B9A /* main.m in Sources */,
			);
			runOnlyForDeploymentPostprocessing = 0;
		};
/* End PBXSourcesBuildPhase section */

/* Begin PBXTargetDependency section */
		00E356F51AD99517003FC87E /* PBXTargetDependency */ = {
			isa = PBXTargetDependency;
			target = 13B07F861A680F5B00A75B9A /* SocialMedia */;
			targetProxy = 00E356F41AD99517003FC87E /* PBXContainerItemProxy */;
		};
/* End PBXTargetDependency section */

/* Begin XCBuildConfiguration section */
		00E356F61AD99517003FC87E /* Debug */ = {
			isa = XCBuildConfiguration;
			baseConfigurationReference = 5B7EB9410499542E8C5724F5 /* Pods-SocialMedia-SocialMediaTests.debug.xcconfig */;
			buildSettings = {
				BUNDLE_LOADER = "$(TEST_HOST)";
				GCC_PREPROCESSOR_DEFINITIONS = (
					"DEBUG=1",
					"$(inherited)",
				);
				INFOPLIST_FILE = SocialMediaTests/Info.plist;
				IPHONEOS_DEPLOYMENT_TARGET = 12.4;
				LD_RUNPATH_SEARCH_PATHS = (
					"$(inherited)",
					"@executable_path/Frameworks",
					"@loader_path/Frameworks",
				);
				OTHER_LDFLAGS = (
					"-ObjC",
					"-lc++",
					"$(inherited)",
				);
				PRODUCT_BUNDLE_IDENTIFIER = "org.reactjs.native.example.$(PRODUCT_NAME:rfc1034identifier)";
				PRODUCT_NAME = "$(TARGET_NAME)";
				TEST_HOST = "$(BUILT_PRODUCTS_DIR)/SocialMedia.app/SocialMedia";
			};
			name = Debug;
		};
		00E356F71AD99517003FC87E /* Release */ = {
			isa = XCBuildConfiguration;
			baseConfigurationReference = 89C6BE57DB24E9ADA2F236DE /* Pods-SocialMedia-SocialMediaTests.release.xcconfig */;
			buildSettings = {
				BUNDLE_LOADER = "$(TEST_HOST)";
				COPY_PHASE_STRIP = NO;
				INFOPLIST_FILE = SocialMediaTests/Info.plist;
				IPHONEOS_DEPLOYMENT_TARGET = 12.4;
				LD_RUNPATH_SEARCH_PATHS = (
					"$(inherited)",
					"@executable_path/Frameworks",
					"@loader_path/Frameworks",
				);
				OTHER_LDFLAGS = (
					"-ObjC",
					"-lc++",
					"$(inherited)",
				);
				PRODUCT_BUNDLE_IDENTIFIER = "org.reactjs.native.example.$(PRODUCT_NAME:rfc1034identifier)";
				PRODUCT_NAME = "$(TARGET_NAME)";
				TEST_HOST = "$(BUILT_PRODUCTS_DIR)/SocialMedia.app/SocialMedia";
			};
			name = Release;
		};
		13B07F941A680F5B00A75B9A /* Debug */ = {
			isa = XCBuildConfiguration;
			baseConfigurationReference = 3B4392A12AC88292D35C810B /* Pods-SocialMedia.debug.xcconfig */;
			buildSettings = {
				ASSETCATALOG_COMPILER_APPICON_NAME = AppIcon;
				CLANG_ENABLE_MODULES = YES;
				CURRENT_PROJECT_VERSION = 1;
				ENABLE_BITCODE = NO;
				INFOPLIST_FILE = SocialMedia/Info.plist;
				LD_RUNPATH_SEARCH_PATHS = (
					"$(inherited)",
					"@executable_path/Frameworks",
				);
				MARKETING_VERSION = 1.0;
				OTHER_LDFLAGS = (
					"$(inherited)",
					"-ObjC",
					"-lc++",
				);
				PRODUCT_BUNDLE_IDENTIFIER = "org.reactjs.native.example.$(PRODUCT_NAME:rfc1034identifier)";
				PRODUCT_NAME = SocialMedia;
				SWIFT_OPTIMIZATION_LEVEL = "-Onone";
				SWIFT_VERSION = 5.0;
				VERSIONING_SYSTEM = "apple-generic";
			};
			name = Debug;
		};
		13B07F951A680F5B00A75B9A /* Release */ = {
			isa = XCBuildConfiguration;
			baseConfigurationReference = 5709B34CF0A7D63546082F79 /* Pods-SocialMedia.release.xcconfig */;
			buildSettings = {
				ASSETCATALOG_COMPILER_APPICON_NAME = AppIcon;
				CLANG_ENABLE_MODULES = YES;
				CURRENT_PROJECT_VERSION = 1;
				INFOPLIST_FILE = SocialMedia/Info.plist;
				LD_RUNPATH_SEARCH_PATHS = (
					"$(inherited)",
					"@executable_path/Frameworks",
				);
				MARKETING_VERSION = 1.0;
				OTHER_LDFLAGS = (
					"$(inherited)",
					"-ObjC",
					"-lc++",
				);
				PRODUCT_BUNDLE_IDENTIFIER = "org.reactjs.native.example.$(PRODUCT_NAME:rfc1034identifier)";
				PRODUCT_NAME = SocialMedia;
				SWIFT_VERSION = 5.0;
				VERSIONING_SYSTEM = "apple-generic";
			};
			name = Release;
		};
		83CBBA201A601CBA00E9B192 /* Debug */ = {
			isa = XCBuildConfiguration;
			buildSettings = {
				ALWAYS_SEARCH_USER_PATHS = NO;
				CLANG_ANALYZER_LOCALIZABILITY_NONLOCALIZED = YES;
				CLANG_CXX_LANGUAGE_STANDARD = "c++17";
				CLANG_CXX_LIBRARY = "libc++";
				CLANG_ENABLE_MODULES = YES;
				CLANG_ENABLE_OBJC_ARC = YES;
				CLANG_WARN_BLOCK_CAPTURE_AUTORELEASING = YES;
				CLANG_WARN_BOOL_CONVERSION = YES;
				CLANG_WARN_COMMA = YES;
				CLANG_WARN_CONSTANT_CONVERSION = YES;
				CLANG_WARN_DEPRECATED_OBJC_IMPLEMENTATIONS = YES;
				CLANG_WARN_DIRECT_OBJC_ISA_USAGE = YES_ERROR;
				CLANG_WARN_EMPTY_BODY = YES;
				CLANG_WARN_ENUM_CONVERSION = YES;
				CLANG_WARN_INFINITE_RECURSION = YES;
				CLANG_WARN_INT_CONVERSION = YES;
				CLANG_WARN_NON_LITERAL_NULL_CONVERSION = YES;
				CLANG_WARN_OBJC_IMPLICIT_RETAIN_SELF = YES;
				CLANG_WARN_OBJC_LITERAL_CONVERSION = YES;
				CLANG_WARN_OBJC_ROOT_CLASS = YES_ERROR;
				CLANG_WARN_QUOTED_INCLUDE_IN_FRAMEWORK_HEADER = YES;
				CLANG_WARN_RANGE_LOOP_ANALYSIS = YES;
				CLANG_WARN_STRICT_PROTOTYPES = YES;
				CLANG_WARN_SUSPICIOUS_MOVE = YES;
				CLANG_WARN_UNREACHABLE_CODE = YES;
				CLANG_WARN__DUPLICATE_METHOD_MATCH = YES;
				"CODE_SIGN_IDENTITY[sdk=iphoneos*]" = "iPhone Developer";
				COPY_PHASE_STRIP = NO;
				ENABLE_STRICT_OBJC_MSGSEND = YES;
				ENABLE_TESTABILITY = YES;
				"EXCLUDED_ARCHS[sdk=iphonesimulator*]" = i386;
				GCC_C_LANGUAGE_STANDARD = gnu99;
				GCC_DYNAMIC_NO_PIC = NO;
				GCC_NO_COMMON_BLOCKS = YES;
				GCC_OPTIMIZATION_LEVEL = 0;
				GCC_PREPROCESSOR_DEFINITIONS = (
					"DEBUG=1",
					"$(inherited)",
				);
				GCC_SYMBOLS_PRIVATE_EXTERN = NO;
				GCC_WARN_64_TO_32_BIT_CONVERSION = YES;
				GCC_WARN_ABOUT_RETURN_TYPE = YES_ERROR;
				GCC_WARN_UNDECLARED_SELECTOR = YES;
				GCC_WARN_UNINITIALIZED_AUTOS = YES_AGGRESSIVE;
				GCC_WARN_UNUSED_FUNCTION = YES;
				GCC_WARN_UNUSED_VARIABLE = YES;
				IPHONEOS_DEPLOYMENT_TARGET = 12.4;
				LD_RUNPATH_SEARCH_PATHS = (
					/usr/lib/swift,
					"$(inherited)",
				);
				LIBRARY_SEARCH_PATHS = (
					"\"$(SDKROOT)/usr/lib/swift\"",
					"\"$(TOOLCHAIN_DIR)/usr/lib/swift/$(PLATFORM_NAME)\"",
					"\"$(inherited)\"",
				);
				MTL_ENABLE_DEBUG_INFO = YES;
				ONLY_ACTIVE_ARCH = YES;
				OTHER_CFLAGS = "$(inherited)";
				OTHER_CPLUSPLUSFLAGS = (
					"$(OTHER_CFLAGS)",
					"-DFOLLY_NO_CONFIG",
					"-DFOLLY_MOBILE=1",
					"-DFOLLY_USE_LIBCPP=1",
				);
				REACT_NATIVE_PATH = "${PODS_ROOT}/../../node_modules/react-native";
				SDKROOT = iphoneos;
			};
			name = Debug;
		};
		83CBBA211A601CBA00E9B192 /* Release */ = {
			isa = XCBuildConfiguration;
			buildSettings = {
				ALWAYS_SEARCH_USER_PATHS = NO;
				CLANG_ANALYZER_LOCALIZABILITY_NONLOCALIZED = YES;
				CLANG_CXX_LANGUAGE_STANDARD = "c++17";
				CLANG_CXX_LIBRARY = "libc++";
				CLANG_ENABLE_MODULES = YES;
				CLANG_ENABLE_OBJC_ARC = YES;
				CLANG_WARN_BLOCK_CAPTURE_AUTORELEASING = YES;
				CLANG_WARN_BOOL_CONVERSION = YES;
				CLANG_WARN_COMMA = YES;
				CLANG_WARN_CONSTANT_CONVERSION = YES;
				CLANG_WARN_DEPRECATED_OBJC_IMPLEMENTATIONS = YES;
				CLANG_WARN_DIRECT_OBJC_ISA_USAGE = YES_ERROR;
				CLANG_WARN_EMPTY_BODY = YES;
				CLANG_WARN_ENUM_CONVERSION = YES;
				CLANG_WARN_INFINITE_RECURSION = YES;
				CLANG_WARN_INT_CONVERSION = YES;
				CLANG_WARN_NON_LITERAL_NULL_CONVERSION = YES;
				CLANG_WARN_OBJC_IMPLICIT_RETAIN_SELF = YES;
				CLANG_WARN_OBJC_LITERAL_CONVERSION = YES;
				CLANG_WARN_OBJC_ROOT_CLASS = YES_ERROR;
				CLANG_WARN_QUOTED_INCLUDE_IN_FRAMEWORK_HEADER = YES;
				CLANG_WARN_RANGE_LOOP_ANALYSIS = YES;
				CLANG_WARN_STRICT_PROTOTYPES = YES;
				CLANG_WARN_SUSPICIOUS_MOVE = YES;
				CLANG_WARN_UNREACHABLE_CODE = YES;
				CLANG_WARN__DUPLICATE_METHOD_MATCH = YES;
				"CODE_SIGN_IDENTITY[sdk=iphoneos*]" = "iPhone Developer";
				COPY_PHASE_STRIP = YES;
				ENABLE_NS_ASSERTIONS = NO;
				ENABLE_STRICT_OBJC_MSGSEND = YES;
				"EXCLUDED_ARCHS[sdk=iphonesimulator*]" = i386;
				GCC_C_LANGUAGE_STANDARD = gnu99;
				GCC_NO_COMMON_BLOCKS = YES;
				GCC_WARN_64_TO_32_BIT_CONVERSION = YES;
				GCC_WARN_ABOUT_RETURN_TYPE = YES_ERROR;
				GCC_WARN_UNDECLARED_SELECTOR = YES;
				GCC_WARN_UNINITIALIZED_AUTOS = YES_AGGRESSIVE;
				GCC_WARN_UNUSED_FUNCTION = YES;
				GCC_WARN_UNUSED_VARIABLE = YES;
				IPHONEOS_DEPLOYMENT_TARGET = 12.4;
				LD_RUNPATH_SEARCH_PATHS = (
					/usr/lib/swift,
					"$(inherited)",
				);
				LIBRARY_SEARCH_PATHS = (
					"\"$(SDKROOT)/usr/lib/swift\"",
					"\"$(TOOLCHAIN_DIR)/usr/lib/swift/$(PLATFORM_NAME)\"",
					"\"$(inherited)\"",
				);
				MTL_ENABLE_DEBUG_INFO = NO;
				OTHER_CFLAGS = "$(inherited)";
				OTHER_CPLUSPLUSFLAGS = (
					"$(OTHER_CFLAGS)",
					"-DFOLLY_NO_CONFIG",
					"-DFOLLY_MOBILE=1",
					"-DFOLLY_USE_LIBCPP=1",
				);
				REACT_NATIVE_PATH = "${PODS_ROOT}/../../node_modules/react-native";
				SDKROOT = iphoneos;
				VALIDATE_PRODUCT = YES;
			};
			name = Release;
		};
/* End XCBuildConfiguration section */

/* Begin XCConfigurationList section */
		00E357021AD99517003FC87E /* Build configuration list for PBXNativeTarget "SocialMediaTests" */ = {
			isa = XCConfigurationList;
			buildConfigurations = (
				00E356F61AD99517003FC87E /* Debug */,
				00E356F71AD99517003FC87E /* Release */,
			);
			defaultConfigurationIsVisible = 0;
			defaultConfigurationName = Release;
		};
		13B07F931A680F5B00A75B9A /* Build configuration list for PBXNativeTarget "SocialMedia" */ = {
			isa = XCConfigurationList;
			buildConfigurations = (
				13B07F941A680F5B00A75B9A /* Debug */,
				13B07F951A680F5B00A75B9A /* Release */,
			);
			defaultConfigurationIsVisible = 0;
			defaultConfigurationName = Release;
		};
		83CBB9FA1A601CBA00E9B192 /* Build configuration list for PBXProject "SocialMedia" */ = {
			isa = XCConfigurationList;
			buildConfigurations = (
				83CBBA201A601CBA00E9B192 /* Debug */,
				83CBBA211A601CBA00E9B192 /* Release */,
			);
			defaultConfigurationIsVisible = 0;
			defaultConfigurationName = Release;
		};
/* End XCConfigurationList section */
	};
	rootObject = 83CBB9F71A601CBA00E9B192 /* Project object */;
}
